PODS:
  - ActionSheetPicker-3.0 (2.0.3)
  - AFNetworking (2.6.1):
    - AFNetworking/NSURLConnection (= 2.6.1)
    - AFNetworking/NSURLSession (= 2.6.1)
    - AFNetworking/Reachability (= 2.6.1)
    - AFNetworking/Security (= 2.6.1)
    - AFNetworking/Serialization (= 2.6.1)
    - AFNetworking/UIKit (= 2.6.1)
  - AFNetworking/NSURLConnection (2.6.1):
    - AFNetworking/Reachability
    - AFNetworking/Security
    - AFNetworking/Serialization
  - AFNetworking/NSURLSession (2.6.1):
    - AFNetworking/Reachability
    - AFNetworking/Security
    - AFNetworking/Serialization
  - AFNetworking/Reachability (2.6.1)
  - AFNetworking/Security (2.6.1)
  - AFNetworking/Serialization (2.6.1)
  - AFNetworking/UIKit (2.6.1):
    - AFNetworking/NSURLConnection
    - AFNetworking/NSURLSession
  - Crashlytics (3.7.0):
    - Fabric (~> 1.6.3)
  - CrittercismSDK (5.5.0)
  - CWStatusBarNotification (2.3.4)
  - DateTools (1.7.0)
  - Expecta (0.2.4)
  - Fabric (1.6.7)
  - GNZSlidingSegment (0.1.0)
  - JSQMessagesViewController (7.2.0):
    - JSQSystemSoundPlayer (~> 2.0.1)
  - JSQSystemSoundPlayer (2.0.1)
  - libPusher (1.6.1):
    - libPusher/Core (= 1.6.1)
  - libPusher/Core (1.6.1):
    - SocketRocket (= 0.4.1)
  - Localytics (3.8.0)
  - MBProgressHUD (0.9.1)
  - OHHTTPStubs (4.3.0):
    - OHHTTPStubs/Default (= 4.3.0)
  - OHHTTPStubs/Core (4.3.0)
  - OHHTTPStubs/Default (4.3.0):
    - OHHTTPStubs/Core
    - OHHTTPStubs/JSON
    - OHHTTPStubs/NSURLSession
    - OHHTTPStubs/OHPathHelpers
  - OHHTTPStubs/JSON (4.3.0):
    - OHHTTPStubs/Core
  - OHHTTPStubs/NSURLSession (4.3.0):
    - OHHTTPStubs/Core
  - OHHTTPStubs/OHPathHelpers (4.3.0)
  - pop (1.0.8)
  - RSKImageCropper (1.3.2)
  - SocketRocket (0.4.1)
  - Specta (1.0.4)
  - SSKeychain (1.2.3)
  - TPKeyboardAvoiding (1.2.10)
  - UIImage-Resize (1.0.1)
  - VBFPopFlatButton (0.0.6):
    - pop

DEPENDENCIES:
  - ActionSheetPicker-3.0 (~> 2.0.1)
  - AFNetworking
  - Crashlytics
  - CrittercismSDK (= 5.5.0)
  - CWStatusBarNotification (~> 2.3.4)
  - DateTools
  - Expecta
  - Fabric
  - GNZSlidingSegment (from `https://github.com/chrisgonzgonz/GNZSlidingSegment.git`)
  - JSQMessagesViewController
  - libPusher (~> 1.5)
  - Localytics (~> 3.0)
  - MBProgressHUD
  - OHHTTPStubs
  - RSKImageCropper
  - Specta (from `https://github.com/specta/specta.git`, commit `c07c003cfe3a41fa510567e2e0a9fd7f5ae3b098`)
  - SSKeychain
  - TPKeyboardAvoiding
  - UIImage-Resize
  - VBFPopFlatButton

EXTERNAL SOURCES:
  GNZSlidingSegment:
    :git: https://github.com/chrisgonzgonz/GNZSlidingSegment.git
  Specta:
    :commit: c07c003cfe3a41fa510567e2e0a9fd7f5ae3b098
    :git: https://github.com/specta/specta.git

CHECKOUT OPTIONS:
  GNZSlidingSegment:
    :commit: c76c1d2311e4f7af84d0d7bc350922095b8944d0
    :git: https://github.com/chrisgonzgonz/GNZSlidingSegment.git
  Specta:
    :commit: c07c003cfe3a41fa510567e2e0a9fd7f5ae3b098
    :git: https://github.com/specta/specta.git

SPEC CHECKSUMS:
  ActionSheetPicker-3.0: 11f2053085d3088dc1ef9d38a9f11c18b528dd9e
  AFNetworking: 8e4e60500beb8bec644cf575beee72990a76d399
  Crashlytics: c3a2333dea9e2733d2777f730910321fc9e25c0d
  CrittercismSDK: 74d8e8ce05b79a89dd6d35110b57960490182862
  CWStatusBarNotification: 3fec41edcb0ae3677d9febfcb9632d8bdf52294c
  DateTools: 53288ee8b905fdc75897a1e6b5cc0144b14cba60
  Expecta: cfaf1d3e2e194ca704a25e997093d30a1ce70b61
  Fabric: caf7580c725e64db144f610ac65cd60956911dc7
  GNZSlidingSegment: 76e937198abbc09d945795c41c3e39b681ad3d1e
  JSQMessagesViewController: 73cab48aa92fc2d512f3b6724f3425cc47a19eb5
  JSQSystemSoundPlayer: c5850e77a4363ffd374cd851154b9af93264ed8d
  libPusher: 5ea58aeb83fa4ac1f5d8ef8543b1def6ace997b8
  Localytics: 8fd8455e92c5d5d507d1302e704e7db5ca2a33bf
  MBProgressHUD: c47f2c166c126cf2ce36498d80f33e754d4e93ad
  OHHTTPStubs: 0aec5755528693a165bd616cb79f69387de306a8
  pop: bb773ae2c791ca2629de13b347e7a8b450fa6a57
  RSKImageCropper: 28632b527aac06bb2c289c71c5c800c1b81326ed
  SocketRocket: ee0b5c34182d37bb4f1f8d628bbe737718126daa
  Specta: 69bb134672aae190a1379ff91df07dad8dd1f869
  SSKeychain: 3f42991739c6c60a9cf1bbd4dff6c0d3694bcf3d
  TPKeyboardAvoiding: 614ebec846ec28b83d548769297fa5fb56468904
  UIImage-Resize: fa776860f10e6900bbaf53a73e494bdceaaccc77
  VBFPopFlatButton: 782344da63f104c279a857d806e065117a7e1196

COCOAPODS: 0.39.0
