// !$*UTF8*$!
{
	archiveVersion = 1;
	classes = {
	};
	objectVersion = 46;
	objects = {

/* Begin PBXBuildFile section */
		3AB831E5475A45A2877C8D6C /* libPods-LeoTests.a in Frameworks */ = {isa = PBXBuildFile; fileRef = 7E5BC0D4370F984698F4E074 /* libPods-LeoTests.a */; };
		80A98A7B253FC07906E88FF2 /* libPods-Leo.a in Frameworks */ = {isa = PBXBuildFile; fileRef = 35A5E688B99D6A1E2E30A645 /* libPods-Leo.a */; };
		BCE1EC6A1B00E353007C8D0B /* main.m in Sources */ = {isa = PBXBuildFile; fileRef = BCE1EC691B00E353007C8D0B /* main.m */; };
		BCE1EC6D1B00E353007C8D0B /* AppDelegate.m in Sources */ = {isa = PBXBuildFile; fileRef = BCE1EC6C1B00E353007C8D0B /* AppDelegate.m */; };
		BCE1EC731B00E353007C8D0B /* Main.storyboard in Resources */ = {isa = PBXBuildFile; fileRef = BCE1EC711B00E353007C8D0B /* Main.storyboard */; };
		BCE1EC751B00E353007C8D0B /* Images.xcassets in Resources */ = {isa = PBXBuildFile; fileRef = BCE1EC741B00E353007C8D0B /* Images.xcassets */; };
		BCE1EC781B00E353007C8D0B /* LaunchScreen.xib in Resources */ = {isa = PBXBuildFile; fileRef = BCE1EC761B00E353007C8D0B /* LaunchScreen.xib */; };
		BCE1EC841B00E353007C8D0B /* LeoTests.m in Sources */ = {isa = PBXBuildFile; fileRef = BCE1EC831B00E353007C8D0B /* LeoTests.m */; };
		BCE1EC9E1B012628007C8D0B /* UIColor+LeoColors.m in Sources */ = {isa = PBXBuildFile; fileRef = BCE1EC9D1B012628007C8D0B /* UIColor+LeoColors.m */; };
		BCE1ECA11B01443F007C8D0B /* UIFont+LeoFonts.m in Sources */ = {isa = PBXBuildFile; fileRef = BCE1ECA01B01443F007C8D0B /* UIFont+LeoFonts.m */; };
		BCE1ECA41B014613007C8D0B /* LEOConstants.m in Sources */ = {isa = PBXBuildFile; fileRef = BCE1ECA31B014613007C8D0B /* LEOConstants.m */; };
		BCED00811B0150F4007653D6 /* LEOFeedTVC.m in Sources */ = {isa = PBXBuildFile; fileRef = BCED00801B0150F4007653D6 /* LEOFeedTVC.m */; };
		BCED00851B015204007653D6 /* LEOCardCell.m in Sources */ = {isa = PBXBuildFile; fileRef = BCED00831B015204007653D6 /* LEOCardCell.m */; };
		BCE1EC901B00E4B6007C8D0B /* LEOFeedViewController.m in Sources */ = {isa = PBXBuildFile; fileRef = BCE1EC8E1B00E4B6007C8D0B /* LEOFeedViewController.m */; };
		BCE1EC911B00E4B6007C8D0B /* LEOFeedViewController.xib in Resources */ = {isa = PBXBuildFile; fileRef = BCE1EC8F1B00E4B6007C8D0B /* LEOFeedViewController.xib */; };
		BCE1EC941B010336007C8D0B /* LEOCoreDataManager.m in Sources */ = {isa = PBXBuildFile; fileRef = BCE1EC931B010336007C8D0B /* LEOCoreDataManager.m */; };
		BCE1EC971B0104EC007C8D0B /* LEOCard.m in Sources */ = {isa = PBXBuildFile; fileRef = BCE1EC961B0104EC007C8D0B /* LEOCard.m */; };
		BCE1EC9A1B0104F8007C8D0B /* LEODataModel.xcdatamodeld in Sources */ = {isa = PBXBuildFile; fileRef = BCE1EC981B0104F8007C8D0B /* LEODataModel.xcdatamodeld */; };
/* End PBXBuildFile section */

/* Begin PBXContainerItemProxy section */
		BCE1EC7E1B00E353007C8D0B /* PBXContainerItemProxy */ = {
			isa = PBXContainerItemProxy;
			containerPortal = BCE1EC5C1B00E353007C8D0B /* Project object */;
			proxyType = 1;
			remoteGlobalIDString = BCE1EC631B00E353007C8D0B;
			remoteInfo = Leo;
		};
/* End PBXContainerItemProxy section */

/* Begin PBXFileReference section */
		00C21EAFFFDC7EA3B95241D1 /* Pods-LeoTests.release.xcconfig */ = {isa = PBXFileReference; includeInIndex = 1; lastKnownFileType = text.xcconfig; name = "Pods-LeoTests.release.xcconfig"; path = "Pods/Target Support Files/Pods-LeoTests/Pods-LeoTests.release.xcconfig"; sourceTree = "<group>"; };
		35A5E688B99D6A1E2E30A645 /* libPods-Leo.a */ = {isa = PBXFileReference; explicitFileType = archive.ar; includeInIndex = 0; path = "libPods-Leo.a"; sourceTree = BUILT_PRODUCTS_DIR; };
		3DBE2EB46C1BD8FF573DB996 /* Pods-Leo.debug.xcconfig */ = {isa = PBXFileReference; includeInIndex = 1; lastKnownFileType = text.xcconfig; name = "Pods-Leo.debug.xcconfig"; path = "Pods/Target Support Files/Pods-Leo/Pods-Leo.debug.xcconfig"; sourceTree = "<group>"; };
		68672CCCC55FDBB684C56186 /* Pods-Leo.release.xcconfig */ = {isa = PBXFileReference; includeInIndex = 1; lastKnownFileType = text.xcconfig; name = "Pods-Leo.release.xcconfig"; path = "Pods/Target Support Files/Pods-Leo/Pods-Leo.release.xcconfig"; sourceTree = "<group>"; };
		7E5BC0D4370F984698F4E074 /* libPods-LeoTests.a */ = {isa = PBXFileReference; explicitFileType = archive.ar; includeInIndex = 0; path = "libPods-LeoTests.a"; sourceTree = BUILT_PRODUCTS_DIR; };
		8E925C5780DCA1FB4A55B841 /* Pods-LeoTests.debug.xcconfig */ = {isa = PBXFileReference; includeInIndex = 1; lastKnownFileType = text.xcconfig; name = "Pods-LeoTests.debug.xcconfig"; path = "Pods/Target Support Files/Pods-LeoTests/Pods-LeoTests.debug.xcconfig"; sourceTree = "<group>"; };
		BCE1EC641B00E353007C8D0B /* Leo.app */ = {isa = PBXFileReference; explicitFileType = wrapper.application; includeInIndex = 0; path = Leo.app; sourceTree = BUILT_PRODUCTS_DIR; };
		BCE1EC681B00E353007C8D0B /* Info.plist */ = {isa = PBXFileReference; lastKnownFileType = text.plist.xml; path = Info.plist; sourceTree = "<group>"; };
		BCE1EC691B00E353007C8D0B /* main.m */ = {isa = PBXFileReference; lastKnownFileType = sourcecode.c.objc; path = main.m; sourceTree = "<group>"; };
		BCE1EC6B1B00E353007C8D0B /* AppDelegate.h */ = {isa = PBXFileReference; lastKnownFileType = sourcecode.c.h; path = AppDelegate.h; sourceTree = "<group>"; };
		BCE1EC6C1B00E353007C8D0B /* AppDelegate.m */ = {isa = PBXFileReference; lastKnownFileType = sourcecode.c.objc; path = AppDelegate.m; sourceTree = "<group>"; };
		BCE1EC721B00E353007C8D0B /* Base */ = {isa = PBXFileReference; lastKnownFileType = file.storyboard; name = Base; path = Base.lproj/Main.storyboard; sourceTree = "<group>"; };
		BCE1EC741B00E353007C8D0B /* Images.xcassets */ = {isa = PBXFileReference; lastKnownFileType = folder.assetcatalog; path = Images.xcassets; sourceTree = "<group>"; };
		BCE1EC771B00E353007C8D0B /* Base */ = {isa = PBXFileReference; lastKnownFileType = file.xib; name = Base; path = Base.lproj/LaunchScreen.xib; sourceTree = "<group>"; };
		BCE1EC7D1B00E353007C8D0B /* LeoTests.xctest */ = {isa = PBXFileReference; explicitFileType = wrapper.cfbundle; includeInIndex = 0; path = LeoTests.xctest; sourceTree = BUILT_PRODUCTS_DIR; };
		BCE1EC821B00E353007C8D0B /* Info.plist */ = {isa = PBXFileReference; lastKnownFileType = text.plist.xml; path = Info.plist; sourceTree = "<group>"; };
		BCE1EC831B00E353007C8D0B /* LeoTests.m */ = {isa = PBXFileReference; lastKnownFileType = sourcecode.c.objc; path = LeoTests.m; sourceTree = "<group>"; };
		BCE1EC9B1B01199E007C8D0B /* LEOPrefixHeader.pch */ = {isa = PBXFileReference; fileEncoding = 4; lastKnownFileType = sourcecode.c.h; path = LEOPrefixHeader.pch; sourceTree = "<group>"; };
		BCE1EC9C1B012628007C8D0B /* UIColor+LeoColors.h */ = {isa = PBXFileReference; fileEncoding = 4; lastKnownFileType = sourcecode.c.h; path = "UIColor+LeoColors.h"; sourceTree = "<group>"; };
		BCE1EC9D1B012628007C8D0B /* UIColor+LeoColors.m */ = {isa = PBXFileReference; fileEncoding = 4; lastKnownFileType = sourcecode.c.objc; path = "UIColor+LeoColors.m"; sourceTree = "<group>"; };
		BCE1EC9F1B01443F007C8D0B /* UIFont+LeoFonts.h */ = {isa = PBXFileReference; fileEncoding = 4; lastKnownFileType = sourcecode.c.h; path = "UIFont+LeoFonts.h"; sourceTree = "<group>"; };
		BCE1ECA01B01443F007C8D0B /* UIFont+LeoFonts.m */ = {isa = PBXFileReference; fileEncoding = 4; lastKnownFileType = sourcecode.c.objc; path = "UIFont+LeoFonts.m"; sourceTree = "<group>"; };
		BCE1ECA21B014613007C8D0B /* LEOConstants.h */ = {isa = PBXFileReference; fileEncoding = 4; lastKnownFileType = sourcecode.c.h; path = LEOConstants.h; sourceTree = "<group>"; };
		BCE1ECA31B014613007C8D0B /* LEOConstants.m */ = {isa = PBXFileReference; fileEncoding = 4; lastKnownFileType = sourcecode.c.objc; path = LEOConstants.m; sourceTree = "<group>"; };
		BCED007F1B0150F4007653D6 /* LEOFeedTVC.h */ = {isa = PBXFileReference; fileEncoding = 4; lastKnownFileType = sourcecode.c.h; path = LEOFeedTVC.h; sourceTree = "<group>"; };
		BCED00801B0150F4007653D6 /* LEOFeedTVC.m */ = {isa = PBXFileReference; fileEncoding = 4; lastKnownFileType = sourcecode.c.objc; path = LEOFeedTVC.m; sourceTree = "<group>"; };
		BCED00821B015204007653D6 /* LEOCardCell.h */ = {isa = PBXFileReference; fileEncoding = 4; lastKnownFileType = sourcecode.c.h; path = LEOCardCell.h; sourceTree = "<group>"; };
		BCED00831B015204007653D6 /* LEOCardCell.m */ = {isa = PBXFileReference; fileEncoding = 4; lastKnownFileType = sourcecode.c.objc; path = LEOCardCell.m; sourceTree = "<group>"; };
		BCE1EC8D1B00E4B6007C8D0B /* LEOFeedViewController.h */ = {isa = PBXFileReference; fileEncoding = 4; lastKnownFileType = sourcecode.c.h; path = LEOFeedViewController.h; sourceTree = "<group>"; };
		BCE1EC8E1B00E4B6007C8D0B /* LEOFeedViewController.m */ = {isa = PBXFileReference; fileEncoding = 4; lastKnownFileType = sourcecode.c.objc; path = LEOFeedViewController.m; sourceTree = "<group>"; };
		BCE1EC8F1B00E4B6007C8D0B /* LEOFeedViewController.xib */ = {isa = PBXFileReference; fileEncoding = 4; lastKnownFileType = file.xib; path = LEOFeedViewController.xib; sourceTree = "<group>"; };
		BCE1EC921B010336007C8D0B /* LEOCoreDataManager.h */ = {isa = PBXFileReference; fileEncoding = 4; lastKnownFileType = sourcecode.c.h; path = LEOCoreDataManager.h; sourceTree = "<group>"; };
		BCE1EC931B010336007C8D0B /* LEOCoreDataManager.m */ = {isa = PBXFileReference; fileEncoding = 4; lastKnownFileType = sourcecode.c.objc; path = LEOCoreDataManager.m; sourceTree = "<group>"; };
		BCE1EC951B0104EC007C8D0B /* LEOCard.h */ = {isa = PBXFileReference; fileEncoding = 4; lastKnownFileType = sourcecode.c.h; path = LEOCard.h; sourceTree = "<group>"; };
		BCE1EC961B0104EC007C8D0B /* LEOCard.m */ = {isa = PBXFileReference; fileEncoding = 4; lastKnownFileType = sourcecode.c.objc; path = LEOCard.m; sourceTree = "<group>"; };
		BCE1EC991B0104F8007C8D0B /* LEODataModel.xcdatamodel */ = {isa = PBXFileReference; lastKnownFileType = wrapper.xcdatamodel; path = LEODataModel.xcdatamodel; sourceTree = "<group>"; };
/* End PBXFileReference section */

/* Begin PBXFrameworksBuildPhase section */
		BCE1EC611B00E353007C8D0B /* Frameworks */ = {
			isa = PBXFrameworksBuildPhase;
			buildActionMask = 2147483647;
			files = (
				80A98A7B253FC07906E88FF2 /* libPods-Leo.a in Frameworks */,
			);
			runOnlyForDeploymentPostprocessing = 0;
		};
		BCE1EC7A1B00E353007C8D0B /* Frameworks */ = {
			isa = PBXFrameworksBuildPhase;
			buildActionMask = 2147483647;
			files = (
				3AB831E5475A45A2877C8D6C /* libPods-LeoTests.a in Frameworks */,
			);
			runOnlyForDeploymentPostprocessing = 0;
		};
/* End PBXFrameworksBuildPhase section */

/* Begin PBXGroup section */
		354D27DEC99358EDEA9677D6 /* Pods */ = {
			isa = PBXGroup;
			children = (
				3DBE2EB46C1BD8FF573DB996 /* Pods-Leo.debug.xcconfig */,
				68672CCCC55FDBB684C56186 /* Pods-Leo.release.xcconfig */,
				8E925C5780DCA1FB4A55B841 /* Pods-LeoTests.debug.xcconfig */,
				00C21EAFFFDC7EA3B95241D1 /* Pods-LeoTests.release.xcconfig */,
			);
			name = Pods;
			sourceTree = "<group>";
		};
		B8FA0B797E23BA25DF87DA78 /* Frameworks */ = {
			isa = PBXGroup;
			children = (
				35A5E688B99D6A1E2E30A645 /* libPods-Leo.a */,
				7E5BC0D4370F984698F4E074 /* libPods-LeoTests.a */,
			);
			name = Frameworks;
			sourceTree = "<group>";
		};
		BCE1EC5B1B00E353007C8D0B = {
			isa = PBXGroup;
			children = (
				BCE1EC661B00E353007C8D0B /* Leo */,
				BCE1EC801B00E353007C8D0B /* LeoTests */,
				BCE1EC651B00E353007C8D0B /* Products */,
				354D27DEC99358EDEA9677D6 /* Pods */,
				B8FA0B797E23BA25DF87DA78 /* Frameworks */,
			);
			sourceTree = "<group>";
		};
		BCE1EC651B00E353007C8D0B /* Products */ = {
			isa = PBXGroup;
			children = (
				BCE1EC641B00E353007C8D0B /* Leo.app */,
				BCE1EC7D1B00E353007C8D0B /* LeoTests.xctest */,
			);
			name = Products;
			sourceTree = "<group>";
		};
		BCE1EC661B00E353007C8D0B /* Leo */ = {
			isa = PBXGroup;
			children = (
				BCE1EC6B1B00E353007C8D0B /* AppDelegate.h */,
				BCE1EC6C1B00E353007C8D0B /* AppDelegate.m */,
				BCE1EC6E1B00E353007C8D0B /* ViewController.h */,
				BCE1EC8D1B00E4B6007C8D0B /* LEOFeedViewController.h */,
				BCE1EC8E1B00E4B6007C8D0B /* LEOFeedViewController.m */,
				BCE1EC8F1B00E4B6007C8D0B /* LEOFeedViewController.xib */,
				BCE1EC921B010336007C8D0B /* LEOCoreDataManager.h */,
				BCE1EC931B010336007C8D0B /* LEOCoreDataManager.m */,
				BCE1EC951B0104EC007C8D0B /* LEOCard.h */,
				BCE1EC961B0104EC007C8D0B /* LEOCard.m */,
				BCE1EC981B0104F8007C8D0B /* LEODataModel.xcdatamodeld */,
				BCE1EC6F1B00E353007C8D0B /* ViewController.m */,
				BCE1EC711B00E353007C8D0B /* Main.storyboard */,
				BCED00821B015204007653D6 /* LEOCardCell.h */,
				BCED00831B015204007653D6 /* LEOCardCell.m */,
				BCED007F1B0150F4007653D6 /* LEOFeedTVC.h */,
				BCED00801B0150F4007653D6 /* LEOFeedTVC.m */,
				BCED00921B01542D007653D6 /* Constants */,
				BCED00911B015423007653D6 /* For Deletion */,
				BCE1EC741B00E353007C8D0B /* Images.xcassets */,
				BCE1EC761B00E353007C8D0B /* LaunchScreen.xib */,
				BCE1EC671B00E353007C8D0B /* Supporting Files */,
			);
			path = Leo;
			sourceTree = "<group>";
		};
		BCE1EC671B00E353007C8D0B /* Supporting Files */ = {
			isa = PBXGroup;
			children = (
				BCE1EC681B00E353007C8D0B /* Info.plist */,
				BCE1EC691B00E353007C8D0B /* main.m */,
			);
			name = "Supporting Files";
			sourceTree = "<group>";
		};
		BCE1EC801B00E353007C8D0B /* LeoTests */ = {
			isa = PBXGroup;
			children = (
				BCE1EC831B00E353007C8D0B /* LeoTests.m */,
				BCE1EC811B00E353007C8D0B /* Supporting Files */,
			);
			path = LeoTests;
			sourceTree = "<group>";
		};
		BCE1EC811B00E353007C8D0B /* Supporting Files */ = {
			isa = PBXGroup;
			children = (
				BCE1EC9B1B01199E007C8D0B /* LEOPrefixHeader.pch */,
				BCE1EC821B00E353007C8D0B /* Info.plist */,
			);
			name = "Supporting Files";
			sourceTree = "<group>";
		};
		BCED00911B015423007653D6 /* For Deletion */ = {
			isa = PBXGroup;
			children = (
			);
			name = "For Deletion";
			sourceTree = "<group>";
		};
		BCED00921B01542D007653D6 /* Constants */ = {
			isa = PBXGroup;
			children = (
				BCE1EC9F1B01443F007C8D0B /* UIFont+LeoFonts.h */,
				BCE1ECA01B01443F007C8D0B /* UIFont+LeoFonts.m */,
				BCE1EC9C1B012628007C8D0B /* UIColor+LeoColors.h */,
				BCE1EC9D1B012628007C8D0B /* UIColor+LeoColors.m */,
				BCE1ECA21B014613007C8D0B /* LEOConstants.h */,
				BCE1ECA31B014613007C8D0B /* LEOConstants.m */,
			);
			name = Constants;
			sourceTree = "<group>";
		};
/* End PBXGroup section */

/* Begin PBXNativeTarget section */
		BCE1EC631B00E353007C8D0B /* Leo */ = {
			isa = PBXNativeTarget;
			buildConfigurationList = BCE1EC871B00E353007C8D0B /* Build configuration list for PBXNativeTarget "Leo" */;
			buildPhases = (
				AD74AFBB7A78B2A607F83883 /* Check Pods Manifest.lock */,
				BCE1EC601B00E353007C8D0B /* Sources */,
				BCE1EC611B00E353007C8D0B /* Frameworks */,
				BCE1EC621B00E353007C8D0B /* Resources */,
				CB7DB39BBE1DE6D4A4F9F218 /* Copy Pods Resources */,
			);
			buildRules = (
			);
			dependencies = (
			);
			name = Leo;
			productName = Leo;
			productReference = BCE1EC641B00E353007C8D0B /* Leo.app */;
			productType = "com.apple.product-type.application";
		};
		BCE1EC7C1B00E353007C8D0B /* LeoTests */ = {
			isa = PBXNativeTarget;
			buildConfigurationList = BCE1EC8A1B00E353007C8D0B /* Build configuration list for PBXNativeTarget "LeoTests" */;
			buildPhases = (
				4663F5B1269F7CEF0DB64DD0 /* Check Pods Manifest.lock */,
				BCE1EC791B00E353007C8D0B /* Sources */,
				BCE1EC7A1B00E353007C8D0B /* Frameworks */,
				BCE1EC7B1B00E353007C8D0B /* Resources */,
				3959D79A35182D036EEDEDDA /* Copy Pods Resources */,
			);
			buildRules = (
			);
			dependencies = (
				BCE1EC7F1B00E353007C8D0B /* PBXTargetDependency */,
			);
			name = LeoTests;
			productName = LeoTests;
			productReference = BCE1EC7D1B00E353007C8D0B /* LeoTests.xctest */;
			productType = "com.apple.product-type.bundle.unit-test";
		};
/* End PBXNativeTarget section */

/* Begin PBXProject section */
		BCE1EC5C1B00E353007C8D0B /* Project object */ = {
			isa = PBXProject;
			attributes = {
				LastUpgradeCheck = 0630;
				ORGANIZATIONNAME = "Leo Health";
				TargetAttributes = {
					BCE1EC631B00E353007C8D0B = {
						CreatedOnToolsVersion = 6.3.1;
					};
					BCE1EC7C1B00E353007C8D0B = {
						CreatedOnToolsVersion = 6.3.1;
						TestTargetID = BCE1EC631B00E353007C8D0B;
					};
				};
			};
			buildConfigurationList = BCE1EC5F1B00E353007C8D0B /* Build configuration list for PBXProject "Leo" */;
			compatibilityVersion = "Xcode 3.2";
			developmentRegion = English;
			hasScannedForEncodings = 0;
			knownRegions = (
				en,
				Base,
			);
			mainGroup = BCE1EC5B1B00E353007C8D0B;
			productRefGroup = BCE1EC651B00E353007C8D0B /* Products */;
			projectDirPath = "";
			projectRoot = "";
			targets = (
				BCE1EC631B00E353007C8D0B /* Leo */,
				BCE1EC7C1B00E353007C8D0B /* LeoTests */,
			);
		};
/* End PBXProject section */

/* Begin PBXResourcesBuildPhase section */
		BCE1EC621B00E353007C8D0B /* Resources */ = {
			isa = PBXResourcesBuildPhase;
			buildActionMask = 2147483647;
			files = (
				BCE1EC731B00E353007C8D0B /* Main.storyboard in Resources */,
				BCE1EC781B00E353007C8D0B /* LaunchScreen.xib in Resources */,
				BCE1EC751B00E353007C8D0B /* Images.xcassets in Resources */,
			);
			runOnlyForDeploymentPostprocessing = 0;
		};
		BCE1EC7B1B00E353007C8D0B /* Resources */ = {
			isa = PBXResourcesBuildPhase;
			buildActionMask = 2147483647;
			files = (
			);
			runOnlyForDeploymentPostprocessing = 0;
		};
/* End PBXResourcesBuildPhase section */

/* Begin PBXShellScriptBuildPhase section */
		3959D79A35182D036EEDEDDA /* Copy Pods Resources */ = {
			isa = PBXShellScriptBuildPhase;
			buildActionMask = 2147483647;
			files = (
			);
			inputPaths = (
			);
			name = "Copy Pods Resources";
			outputPaths = (
			);
			runOnlyForDeploymentPostprocessing = 0;
			shellPath = /bin/sh;
			shellScript = "\"${SRCROOT}/Pods/Target Support Files/Pods-LeoTests/Pods-LeoTests-resources.sh\"\n";
			showEnvVarsInLog = 0;
		};
		4663F5B1269F7CEF0DB64DD0 /* Check Pods Manifest.lock */ = {
			isa = PBXShellScriptBuildPhase;
			buildActionMask = 2147483647;
			files = (
			);
			inputPaths = (
			);
			name = "Check Pods Manifest.lock";
			outputPaths = (
			);
			runOnlyForDeploymentPostprocessing = 0;
			shellPath = /bin/sh;
			shellScript = "diff \"${PODS_ROOT}/../Podfile.lock\" \"${PODS_ROOT}/Manifest.lock\" > /dev/null\nif [[ $? != 0 ]] ; then\n    cat << EOM\nerror: The sandbox is not in sync with the Podfile.lock. Run 'pod install' or update your CocoaPods installation.\nEOM\n    exit 1\nfi\n";
			showEnvVarsInLog = 0;
		};
		AD74AFBB7A78B2A607F83883 /* Check Pods Manifest.lock */ = {
			isa = PBXShellScriptBuildPhase;
			buildActionMask = 2147483647;
			files = (
			);
			inputPaths = (
			);
			name = "Check Pods Manifest.lock";
			outputPaths = (
			);
			runOnlyForDeploymentPostprocessing = 0;
			shellPath = /bin/sh;
			shellScript = "diff \"${PODS_ROOT}/../Podfile.lock\" \"${PODS_ROOT}/Manifest.lock\" > /dev/null\nif [[ $? != 0 ]] ; then\n    cat << EOM\nerror: The sandbox is not in sync with the Podfile.lock. Run 'pod install' or update your CocoaPods installation.\nEOM\n    exit 1\nfi\n";
			showEnvVarsInLog = 0;
		};
		CB7DB39BBE1DE6D4A4F9F218 /* Copy Pods Resources */ = {
			isa = PBXShellScriptBuildPhase;
			buildActionMask = 2147483647;
			files = (
			);
			inputPaths = (
			);
			name = "Copy Pods Resources";
			outputPaths = (
			);
			runOnlyForDeploymentPostprocessing = 0;
			shellPath = /bin/sh;
			shellScript = "\"${SRCROOT}/Pods/Target Support Files/Pods-Leo/Pods-Leo-resources.sh\"\n";
			showEnvVarsInLog = 0;
		};
/* End PBXShellScriptBuildPhase section */

/* Begin PBXSourcesBuildPhase section */
		BCE1EC601B00E353007C8D0B /* Sources */ = {
			isa = PBXSourcesBuildPhase;
			buildActionMask = 2147483647;
			files = (
				BCED00811B0150F4007653D6 /* LEOFeedTVC.m in Sources */,
				BCE1ECA11B01443F007C8D0B /* UIFont+LeoFonts.m in Sources */,
				BCE1EC701B00E353007C8D0B /* ViewController.m in Sources */,
				BCE1EC901B00E4B6007C8D0B /* LEOFeedViewController.m in Sources */,
				BCE1EC941B010336007C8D0B /* LEOCoreDataManager.m in Sources */,
				BCE1EC9A1B0104F8007C8D0B /* LEODataModel.xcdatamodeld in Sources */,
				BCE1EC6D1B00E353007C8D0B /* AppDelegate.m in Sources */,
				BCE1EC971B0104EC007C8D0B /* LEOCard.m in Sources */,
				BCE1EC6A1B00E353007C8D0B /* main.m in Sources */,
				BCE1ECA41B014613007C8D0B /* LEOConstants.m in Sources */,
				BCE1EC9E1B012628007C8D0B /* UIColor+LeoColors.m in Sources */,
				BCED00851B015204007653D6 /* LEOCardCell.m in Sources */,
			);
			runOnlyForDeploymentPostprocessing = 0;
		};
		BCE1EC791B00E353007C8D0B /* Sources */ = {
			isa = PBXSourcesBuildPhase;
			buildActionMask = 2147483647;
			files = (
				BCE1EC841B00E353007C8D0B /* LeoTests.m in Sources */,
			);
			runOnlyForDeploymentPostprocessing = 0;
		};
/* End PBXSourcesBuildPhase section */

/* Begin PBXTargetDependency section */
		BCE1EC7F1B00E353007C8D0B /* PBXTargetDependency */ = {
			isa = PBXTargetDependency;
			target = BCE1EC631B00E353007C8D0B /* Leo */;
			targetProxy = BCE1EC7E1B00E353007C8D0B /* PBXContainerItemProxy */;
		};
/* End PBXTargetDependency section */

/* Begin PBXVariantGroup section */
		BCE1EC711B00E353007C8D0B /* Main.storyboard */ = {
			isa = PBXVariantGroup;
			children = (
				BCE1EC721B00E353007C8D0B /* Base */,
			);
			name = Main.storyboard;
			sourceTree = "<group>";
		};
		BCE1EC761B00E353007C8D0B /* LaunchScreen.xib */ = {
			isa = PBXVariantGroup;
			children = (
				BCE1EC771B00E353007C8D0B /* Base */,
			);
			name = LaunchScreen.xib;
			sourceTree = "<group>";
		};
/* End PBXVariantGroup section */

/* Begin XCBuildConfiguration section */
		BCE1EC851B00E353007C8D0B /* Debug */ = {
			isa = XCBuildConfiguration;
			buildSettings = {
				ALWAYS_SEARCH_USER_PATHS = NO;
				CLANG_CXX_LANGUAGE_STANDARD = "gnu++0x";
				CLANG_CXX_LIBRARY = "libc++";
				CLANG_ENABLE_MODULES = YES;
				CLANG_ENABLE_OBJC_ARC = YES;
				CLANG_WARN_BOOL_CONVERSION = YES;
				CLANG_WARN_CONSTANT_CONVERSION = YES;
				CLANG_WARN_DIRECT_OBJC_ISA_USAGE = YES_ERROR;
				CLANG_WARN_EMPTY_BODY = YES;
				CLANG_WARN_ENUM_CONVERSION = YES;
				CLANG_WARN_INT_CONVERSION = YES;
				CLANG_WARN_OBJC_ROOT_CLASS = YES_ERROR;
				CLANG_WARN_UNREACHABLE_CODE = YES;
				CLANG_WARN__DUPLICATE_METHOD_MATCH = YES;
				"CODE_SIGN_IDENTITY[sdk=iphoneos*]" = "iPhone Developer";
				COPY_PHASE_STRIP = NO;
				DEBUG_INFORMATION_FORMAT = "dwarf-with-dsym";
				ENABLE_STRICT_OBJC_MSGSEND = YES;
				GCC_C_LANGUAGE_STANDARD = gnu99;
				GCC_DYNAMIC_NO_PIC = NO;
				GCC_NO_COMMON_BLOCKS = YES;
				GCC_OPTIMIZATION_LEVEL = 0;
				GCC_PREPROCESSOR_DEFINITIONS = (
					"DEBUG=1",
					"$(inherited)",
				);
				GCC_SYMBOLS_PRIVATE_EXTERN = NO;
				GCC_WARN_64_TO_32_BIT_CONVERSION = YES;
				GCC_WARN_ABOUT_RETURN_TYPE = YES_ERROR;
				GCC_WARN_UNDECLARED_SELECTOR = YES;
				GCC_WARN_UNINITIALIZED_AUTOS = YES_AGGRESSIVE;
				GCC_WARN_UNUSED_FUNCTION = YES;
				GCC_WARN_UNUSED_VARIABLE = YES;
				IPHONEOS_DEPLOYMENT_TARGET = 8.3;
				MTL_ENABLE_DEBUG_INFO = YES;
				ONLY_ACTIVE_ARCH = YES;
				SDKROOT = iphoneos;
			};
			name = Debug;
		};
		BCE1EC861B00E353007C8D0B /* Release */ = {
			isa = XCBuildConfiguration;
			buildSettings = {
				ALWAYS_SEARCH_USER_PATHS = NO;
				CLANG_CXX_LANGUAGE_STANDARD = "gnu++0x";
				CLANG_CXX_LIBRARY = "libc++";
				CLANG_ENABLE_MODULES = YES;
				CLANG_ENABLE_OBJC_ARC = YES;
				CLANG_WARN_BOOL_CONVERSION = YES;
				CLANG_WARN_CONSTANT_CONVERSION = YES;
				CLANG_WARN_DIRECT_OBJC_ISA_USAGE = YES_ERROR;
				CLANG_WARN_EMPTY_BODY = YES;
				CLANG_WARN_ENUM_CONVERSION = YES;
				CLANG_WARN_INT_CONVERSION = YES;
				CLANG_WARN_OBJC_ROOT_CLASS = YES_ERROR;
				CLANG_WARN_UNREACHABLE_CODE = YES;
				CLANG_WARN__DUPLICATE_METHOD_MATCH = YES;
				"CODE_SIGN_IDENTITY[sdk=iphoneos*]" = "iPhone Developer";
				COPY_PHASE_STRIP = NO;
				DEBUG_INFORMATION_FORMAT = "dwarf-with-dsym";
				ENABLE_NS_ASSERTIONS = NO;
				ENABLE_STRICT_OBJC_MSGSEND = YES;
				GCC_C_LANGUAGE_STANDARD = gnu99;
				GCC_NO_COMMON_BLOCKS = YES;
				GCC_WARN_64_TO_32_BIT_CONVERSION = YES;
				GCC_WARN_ABOUT_RETURN_TYPE = YES_ERROR;
				GCC_WARN_UNDECLARED_SELECTOR = YES;
				GCC_WARN_UNINITIALIZED_AUTOS = YES_AGGRESSIVE;
				GCC_WARN_UNUSED_FUNCTION = YES;
				GCC_WARN_UNUSED_VARIABLE = YES;
				IPHONEOS_DEPLOYMENT_TARGET = 8.3;
				MTL_ENABLE_DEBUG_INFO = NO;
				SDKROOT = iphoneos;
				VALIDATE_PRODUCT = YES;
			};
			name = Release;
		};
		BCE1EC881B00E353007C8D0B /* Debug */ = {
			isa = XCBuildConfiguration;
			baseConfigurationReference = 3DBE2EB46C1BD8FF573DB996 /* Pods-Leo.debug.xcconfig */;
			buildSettings = {
				ASSETCATALOG_COMPILER_APPICON_NAME = AppIcon;
				GCC_PRECOMPILE_PREFIX_HEADER = YES;
				GCC_PREFIX_HEADER = LEOPrefixHeader.pch;
				GCC_PREPROCESSOR_DEFINITIONS = (
					"$(inherited)",
					"COCOAPODS=1",
				);
				INFOPLIST_FILE = Leo/Info.plist;
				LD_RUNPATH_SEARCH_PATHS = "$(inherited) @executable_path/Frameworks";
				PRODUCT_NAME = "$(TARGET_NAME)";
			};
			name = Debug;
		};
		BCE1EC891B00E353007C8D0B /* Release */ = {
			isa = XCBuildConfiguration;
			baseConfigurationReference = 68672CCCC55FDBB684C56186 /* Pods-Leo.release.xcconfig */;
			buildSettings = {
				ASSETCATALOG_COMPILER_APPICON_NAME = AppIcon;
				GCC_PRECOMPILE_PREFIX_HEADER = YES;
				GCC_PREFIX_HEADER = LEOPrefixHeader.pch;
				GCC_PREPROCESSOR_DEFINITIONS = (
					"$(inherited)",
					"COCOAPODS=1",
				);
				INFOPLIST_FILE = Leo/Info.plist;
				LD_RUNPATH_SEARCH_PATHS = "$(inherited) @executable_path/Frameworks";
				PRODUCT_NAME = "$(TARGET_NAME)";
			};
			name = Release;
		};
		BCE1EC8B1B00E353007C8D0B /* Debug */ = {
			isa = XCBuildConfiguration;
			baseConfigurationReference = 8E925C5780DCA1FB4A55B841 /* Pods-LeoTests.debug.xcconfig */;
			buildSettings = {
				BUNDLE_LOADER = "$(TEST_HOST)";
				FRAMEWORK_SEARCH_PATHS = (
					"$(SDKROOT)/Developer/Library/Frameworks",
					"$(inherited)",
				);
				GCC_PREPROCESSOR_DEFINITIONS = (
					"DEBUG=1",
					"$(inherited)",
				);
				INFOPLIST_FILE = LeoTests/Info.plist;
				LD_RUNPATH_SEARCH_PATHS = "$(inherited) @executable_path/Frameworks @loader_path/Frameworks";
				PRODUCT_NAME = "$(TARGET_NAME)";
				TEST_HOST = "$(BUILT_PRODUCTS_DIR)/Leo.app/Leo";
			};
			name = Debug;
		};
		BCE1EC8C1B00E353007C8D0B /* Release */ = {
			isa = XCBuildConfiguration;
			baseConfigurationReference = 00C21EAFFFDC7EA3B95241D1 /* Pods-LeoTests.release.xcconfig */;
			buildSettings = {
				BUNDLE_LOADER = "$(TEST_HOST)";
				FRAMEWORK_SEARCH_PATHS = (
					"$(SDKROOT)/Developer/Library/Frameworks",
					"$(inherited)",
				);
				INFOPLIST_FILE = LeoTests/Info.plist;
				LD_RUNPATH_SEARCH_PATHS = "$(inherited) @executable_path/Frameworks @loader_path/Frameworks";
				PRODUCT_NAME = "$(TARGET_NAME)";
				TEST_HOST = "$(BUILT_PRODUCTS_DIR)/Leo.app/Leo";
			};
			name = Release;
		};
/* End XCBuildConfiguration section */

/* Begin XCConfigurationList section */
		BCE1EC5F1B00E353007C8D0B /* Build configuration list for PBXProject "Leo" */ = {
			isa = XCConfigurationList;
			buildConfigurations = (
				BCE1EC851B00E353007C8D0B /* Debug */,
				BCE1EC861B00E353007C8D0B /* Release */,
			);
			defaultConfigurationIsVisible = 0;
			defaultConfigurationName = Release;
		};
		BCE1EC871B00E353007C8D0B /* Build configuration list for PBXNativeTarget "Leo" */ = {
			isa = XCConfigurationList;
			buildConfigurations = (
				BCE1EC881B00E353007C8D0B /* Debug */,
				BCE1EC891B00E353007C8D0B /* Release */,
			);
			defaultConfigurationIsVisible = 0;
			defaultConfigurationName = Release;
		};
		BCE1EC8A1B00E353007C8D0B /* Build configuration list for PBXNativeTarget "LeoTests" */ = {
			isa = XCConfigurationList;
			buildConfigurations = (
				BCE1EC8B1B00E353007C8D0B /* Debug */,
				BCE1EC8C1B00E353007C8D0B /* Release */,
			);
			defaultConfigurationIsVisible = 0;
			defaultConfigurationName = Release;
		};
/* End XCConfigurationList section */

/* Begin XCVersionGroup section */
		BCE1EC981B0104F8007C8D0B /* LEODataModel.xcdatamodeld */ = {
			isa = XCVersionGroup;
			children = (
				BCE1EC991B0104F8007C8D0B /* LEODataModel.xcdatamodel */,
			);
			currentVersion = BCE1EC991B0104F8007C8D0B /* LEODataModel.xcdatamodel */;
			path = LEODataModel.xcdatamodeld;
			sourceTree = "<group>";
			versionGroupType = wrapper.xcdatamodel;
		};
/* End XCVersionGroup section */
	};
	rootObject = BCE1EC5C1B00E353007C8D0B /* Project object */;
}
