// !$*UTF8*$!
{
	archiveVersion = 1;
	classes = {
	};
	objectVersion = 46;
	objects = {

/* Begin PBXBuildFile section */
		1E7306FB1B3F823800D029CC /* UIScrollView+LEOScrollToVisible.m in Sources */ = {isa = PBXBuildFile; fileRef = 1E7306FA1B3F823800D029CC /* UIScrollView+LEOScrollToVisible.m */; };
		310740741B545EFD0098FD40 /* LEOCardConversation.m in Sources */ = {isa = PBXBuildFile; fileRef = 310740731B545EFD0098FD40 /* LEOCardConversation.m */; };
		31197A0C1B39A70C00C773BA /* UIImageEffects.m in Sources */ = {isa = PBXBuildFile; fileRef = 31197A0B1B39A70C00C773BA /* UIImageEffects.m */; };
		31197A0F1B39B08B00C773BA /* LEOMainContainerViewController.m in Sources */ = {isa = PBXBuildFile; fileRef = 31197A0E1B39B08B00C773BA /* LEOMainContainerViewController.m */; };
		31197A121B39D8FD00C773BA /* MenuView.m in Sources */ = {isa = PBXBuildFile; fileRef = 31197A111B39D8FD00C773BA /* MenuView.m */; };
		31197A141B39DA3000C773BA /* MenuView.xib in Resources */ = {isa = PBXBuildFile; fileRef = 31197A131B39DA3000C773BA /* MenuView.xib */; };
		3128D4DB1B42DF6500582710 /* LEOOneButtonSecondaryOnlyCell.m in Sources */ = {isa = PBXBuildFile; fileRef = 3128D4D91B42DF6500582710 /* LEOOneButtonSecondaryOnlyCell.m */; };
		3128D4DC1B42DF6500582710 /* LEOOneButtonSecondaryOnlyCell.xib in Resources */ = {isa = PBXBuildFile; fileRef = 3128D4DA1B42DF6500582710 /* LEOOneButtonSecondaryOnlyCell.xib */; };
		3128D4DF1B42E37000582710 /* LEOOneButtonSecondaryOnlyCell+ConfigureForCell.m in Sources */ = {isa = PBXBuildFile; fileRef = 3128D4DE1B42E37000582710 /* LEOOneButtonSecondaryOnlyCell+ConfigureForCell.m */; };
		3128D4E61B430F0200582710 /* LEOTwoButtonPrimaryAndSecondaryCell.m in Sources */ = {isa = PBXBuildFile; fileRef = 3128D4E41B430F0200582710 /* LEOTwoButtonPrimaryAndSecondaryCell.m */; };
		3128D4E71B430F0200582710 /* LEOTwoButtonPrimaryAndSecondaryCell.xib in Resources */ = {isa = PBXBuildFile; fileRef = 3128D4E51B430F0200582710 /* LEOTwoButtonPrimaryAndSecondaryCell.xib */; };
		3128D4EB1B43135F00582710 /* LEOOneButtonPrimaryAndSecondaryCell.m in Sources */ = {isa = PBXBuildFile; fileRef = 3128D4E91B43135F00582710 /* LEOOneButtonPrimaryAndSecondaryCell.m */; };
		3128D4EC1B43135F00582710 /* LEOOneButtonPrimaryAndSecondaryCell.xib in Resources */ = {isa = PBXBuildFile; fileRef = 3128D4EA1B43135F00582710 /* LEOOneButtonPrimaryAndSecondaryCell.xib */; };
		3128D4EF1B4313D000582710 /* LEOTwoButtonPrimaryAndSecondaryCell+ConfigureForCell.m in Sources */ = {isa = PBXBuildFile; fileRef = 3128D4EE1B4313D000582710 /* LEOTwoButtonPrimaryAndSecondaryCell+ConfigureForCell.m */; };
		3128D4F21B4313EB00582710 /* LEOOneButtonPrimaryAndSecondaryCell+ConfigureForCell.m in Sources */ = {isa = PBXBuildFile; fileRef = 3128D4F11B4313EB00582710 /* LEOOneButtonPrimaryAndSecondaryCell+ConfigureForCell.m */; };
		3128D52D1B457DC300582710 /* Patient.m in Sources */ = {isa = PBXBuildFile; fileRef = 3128D52C1B457DC300582710 /* Patient.m */; };
		3128D5301B457E4700582710 /* Family.m in Sources */ = {isa = PBXBuildFile; fileRef = 3128D52F1B457E4700582710 /* Family.m */; };
		3128D5331B45808F00582710 /* Guardian.m in Sources */ = {isa = PBXBuildFile; fileRef = 3128D5321B45808F00582710 /* Guardian.m */; };
		3128D5361B4588A300582710 /* Provider.m in Sources */ = {isa = PBXBuildFile; fileRef = 3128D5351B4588A300582710 /* Provider.m */; };
		3128D5391B4589BE00582710 /* Practice.m in Sources */ = {isa = PBXBuildFile; fileRef = 3128D5381B4589BE00582710 /* Practice.m */; };
		3128D53F1B4C1C2C00582710 /* PrepAppointment.m in Sources */ = {isa = PBXBuildFile; fileRef = 3128D53E1B4C1C2C00582710 /* PrepAppointment.m */; };
		312980001B2CCA19000679DA /* LEOChildDropDownTableViewController.m in Sources */ = {isa = PBXBuildFile; fileRef = 31297FFF1B2CCA19000679DA /* LEOChildDropDownTableViewController.m */; };
		312980041B2CCA3F000679DA /* LEOChildCell.m in Sources */ = {isa = PBXBuildFile; fileRef = 312980021B2CCA3F000679DA /* LEOChildCell.m */; };
		312980051B2CCA3F000679DA /* LEOChildCell.xib in Resources */ = {isa = PBXBuildFile; fileRef = 312980031B2CCA3F000679DA /* LEOChildCell.xib */; };
		312980081B2CCB22000679DA /* LEOChildCell+ConfigureForCell.m in Sources */ = {isa = PBXBuildFile; fileRef = 312980071B2CCB22000679DA /* LEOChildCell+ConfigureForCell.m */; };
		314F6A071B2A0D0000799AB4 /* User.m in Sources */ = {isa = PBXBuildFile; fileRef = 314F6A061B2A0D0000799AB4 /* User.m */; };
		3177B9981B17A1B7006AE360 /* LEOCardScheduling.m in Sources */ = {isa = PBXBuildFile; fileRef = 3177B9971B17A1B7006AE360 /* LEOCardScheduling.m */; };
		3177B9D11B191928006AE360 /* Conversation.m in Sources */ = {isa = PBXBuildFile; fileRef = 3177B9D01B191928006AE360 /* Conversation.m */; };
		3177B9D41B191929006AE360 /* Role.m in Sources */ = {isa = PBXBuildFile; fileRef = 3177B9D31B191929006AE360 /* Role.m */; };
		3177B9DA1B191929006AE360 /* Message.m in Sources */ = {isa = PBXBuildFile; fileRef = 3177B9D91B191929006AE360 /* Message.m */; };
		3177B9E11B1A8CF3006AE360 /* LEOCard.m in Sources */ = {isa = PBXBuildFile; fileRef = 31FEF1531B0D073600AD14D2 /* LEOCard.m */; };
		3178BB9A1B2F14410017B72A /* ResizingContainerView.m in Sources */ = {isa = PBXBuildFile; fileRef = 3178BB991B2F14410017B72A /* ResizingContainerView.m */; };
		3182E5551B208CC6004DECF8 /* PageViewDataSource.m in Sources */ = {isa = PBXBuildFile; fileRef = 3182E5521B208CC6004DECF8 /* PageViewDataSource.m */; };
		3182E5581B208F85004DECF8 /* TimeCollectionViewController.m in Sources */ = {isa = PBXBuildFile; fileRef = 3182E5571B208F85004DECF8 /* TimeCollectionViewController.m */; };
		3182E55E1B20C8F5004DECF8 /* NSDate+Extensions.m in Sources */ = {isa = PBXBuildFile; fileRef = 3182E55D1B20C8F5004DECF8 /* NSDate+Extensions.m */; };
		318CA7C71B4EB334004E44AD /* getCardsForUser.json in Resources */ = {isa = PBXBuildFile; fileRef = 318CA7C31B4EB334004E44AD /* getCardsForUser.json */; };
		318CA7C81B4EB334004E44AD /* getFamilyForUser.json in Resources */ = {isa = PBXBuildFile; fileRef = 318CA7C41B4EB334004E44AD /* getFamilyForUser.json */; };
		318CA7C91B4EB334004E44AD /* getProviders.json in Resources */ = {isa = PBXBuildFile; fileRef = 318CA7C51B4EB334004E44AD /* getProviders.json */; };
		318CA7CA1B4EB334004E44AD /* getVisitTypes.json in Resources */ = {isa = PBXBuildFile; fileRef = 318CA7C61B4EB334004E44AD /* getVisitTypes.json */; };
		318CA7CD1B4EEAA4004E44AD /* Support.m in Sources */ = {isa = PBXBuildFile; fileRef = 318CA7CC1B4EEAA4004E44AD /* Support.m */; };
		318EEE0F1B3B3FA3002D1653 /* Assets in Resources */ = {isa = PBXBuildFile; fileRef = 318EEE0E1B3B3FA3002D1653 /* Assets */; };
		31920A451B0A855F006309C2 /* getMessagesForConversationResponse.json in Resources */ = {isa = PBXBuildFile; fileRef = 31920A441B0A855F006309C2 /* getMessagesForConversationResponse.json */; };
		3192ACD91B0CC7C5007195F2 /* UIImage+Extensions.m in Sources */ = {isa = PBXBuildFile; fileRef = 3192ACD81B0CC7C5007195F2 /* UIImage+Extensions.m */; };
		319F335D1B2201F900C1C526 /* CollectionViewLayout.m in Sources */ = {isa = PBXBuildFile; fileRef = 319F335C1B2201F900C1C526 /* CollectionViewLayout.m */; };
		31A286811B0A2DB100CBAF1A /* LEOAPIHelper.m in Sources */ = {isa = PBXBuildFile; fileRef = 31A286801B0A2DB100CBAF1A /* LEOAPIHelper.m */; };
		31BA40491B30885200A11AEE /* LEODropDownSelectedCell.m in Sources */ = {isa = PBXBuildFile; fileRef = 31BA40471B30885200A11AEE /* LEODropDownSelectedCell.m */; };
		31BA404A1B30885200A11AEE /* LEODropDownSelectedCell.xib in Resources */ = {isa = PBXBuildFile; fileRef = 31BA40481B30885200A11AEE /* LEODropDownSelectedCell.xib */; };
		31BA404D1B309E3000A11AEE /* AppointmentType.m in Sources */ = {isa = PBXBuildFile; fileRef = 31BA404C1B309E3000A11AEE /* AppointmentType.m */; };
		31BA40501B30A0AB00A11AEE /* Appointment.m in Sources */ = {isa = PBXBuildFile; fileRef = 31BA404F1B30A0AB00A11AEE /* Appointment.m */; };
		31BA40561B30A5F900A11AEE /* LEOSectionSeparator.m in Sources */ = {isa = PBXBuildFile; fileRef = 31BA40551B30A5F900A11AEE /* LEOSectionSeparator.m */; };
		31CF99111B17754B00BFAABE /* LEOTransitioningDelegate.m in Sources */ = {isa = PBXBuildFile; fileRef = 31CF99101B17754B00BFAABE /* LEOTransitioningDelegate.m */; };
		31D20AC91B14C2F700F3351A /* LEOPageViewController.m in Sources */ = {isa = PBXBuildFile; fileRef = 31D20AC81B14C2F700F3351A /* LEOPageViewController.m */; };
		31D20ACC1B14C61F00F3351A /* LEOEHRViewController.m in Sources */ = {isa = PBXBuildFile; fileRef = 31D20ACB1B14C61F00F3351A /* LEOEHRViewController.m */; };
		31D20B091B151C5100F3351A /* LEOPageModelController.m in Sources */ = {isa = PBXBuildFile; fileRef = 31D20B081B151C5100F3351A /* LEOPageModelController.m */; };
		31D418AA1B37AB9C008D70F3 /* LEOChildDropDownTableView.m in Sources */ = {isa = PBXBuildFile; fileRef = 31D418A91B37AB9C008D70F3 /* LEOChildDropDownTableView.m */; };
		31D62EC51B1CBA7400B4150A /* LEOTimeCell.m in Sources */ = {isa = PBXBuildFile; fileRef = 31D62EC31B1CBA7400B4150A /* LEOTimeCell.m */; };
		31D62EC61B1CBA7400B4150A /* LEOTimeCell.xib in Resources */ = {isa = PBXBuildFile; fileRef = 31D62EC41B1CBA7400B4150A /* LEOTimeCell.xib */; };
		31D62ECB1B1CEB1400B4150A /* Scheduling.storyboard in Resources */ = {isa = PBXBuildFile; fileRef = 31D62ECA1B1CEB1400B4150A /* Scheduling.storyboard */; };
		31D62ED01B1D3ED500B4150A /* LEODateCell.m in Sources */ = {isa = PBXBuildFile; fileRef = 31D62ECE1B1D3ED500B4150A /* LEODateCell.m */; };
		31D62ED11B1D3ED500B4150A /* LEODateCell.xib in Resources */ = {isa = PBXBuildFile; fileRef = 31D62ECF1B1D3ED500B4150A /* LEODateCell.xib */; };
		31D7ADEB1B21F9A100E8C5EE /* CollectionViewDataSource.m in Sources */ = {isa = PBXBuildFile; fileRef = 31D7ADEA1B21F9A100E8C5EE /* CollectionViewDataSource.m */; };
		31ECA3351B23C39000BC1D6B /* LEOTimeCell+ConfigureCell.m in Sources */ = {isa = PBXBuildFile; fileRef = 31ECA3341B23C39000BC1D6B /* LEOTimeCell+ConfigureCell.m */; };
		31ECA3381B23C53500BC1D6B /* LEODateCell+ConfigureCell.m in Sources */ = {isa = PBXBuildFile; fileRef = 31ECA3371B23C53500BC1D6B /* LEODateCell+ConfigureCell.m */; };
		31F0EA651B27430D00E4D83A /* LEODropDownController.m in Sources */ = {isa = PBXBuildFile; fileRef = 31F0EA571B27430D00E4D83A /* LEODropDownController.m */; };
		31F0EA661B27430D00E4D83A /* LEODropDownTableView.m in Sources */ = {isa = PBXBuildFile; fileRef = 31F0EA591B27430D00E4D83A /* LEODropDownTableView.m */; };
		31F0EA691B27430D00E4D83A /* LEODropDownSelectionCell+ConfigureCell.m in Sources */ = {isa = PBXBuildFile; fileRef = 31F0EA5F1B27430D00E4D83A /* LEODropDownSelectionCell+ConfigureCell.m */; };
		31F0EA6B1B27430D00E4D83A /* LEODropDownSelectionCell.m in Sources */ = {isa = PBXBuildFile; fileRef = 31F0EA631B27430D00E4D83A /* LEODropDownSelectionCell.m */; };
		31F0EA6C1B27430D00E4D83A /* LEODropDownSelectionCell.xib in Resources */ = {isa = PBXBuildFile; fileRef = 31F0EA641B27430D00E4D83A /* LEODropDownSelectionCell.xib */; };
		31FDDE4B1B28887A0009BBC2 /* LEODropDownSelectedCell+ConfigureCell.m in Sources */ = {isa = PBXBuildFile; fileRef = 31FDDE4A1B28887A0009BBC2 /* LEODropDownSelectedCell+ConfigureCell.m */; };
		31FDDE551B28DD2C0009BBC2 /* LEOTwoButtonPrimaryOnlyCell.m in Sources */ = {isa = PBXBuildFile; fileRef = 31FDDE531B28DD2C0009BBC2 /* LEOTwoButtonPrimaryOnlyCell.m */; };
		31FDDE561B28DD2C0009BBC2 /* LEOTwoButtonPrimaryOnlyCell.xib in Resources */ = {isa = PBXBuildFile; fileRef = 31FDDE541B28DD2C0009BBC2 /* LEOTwoButtonPrimaryOnlyCell.xib */; };
		31FDDE591B28DFC10009BBC2 /* LEOTwoButtonPrimaryOnlyCell+ConfigureForCell.m in Sources */ = {isa = PBXBuildFile; fileRef = 31FDDE581B28DFC10009BBC2 /* LEOTwoButtonPrimaryOnlyCell+ConfigureForCell.m */; };
		31FDDE5C1B29CF8C0009BBC2 /* LEOFeedCell.m in Sources */ = {isa = PBXBuildFile; fileRef = 31FDDE5B1B29CF8C0009BBC2 /* LEOFeedCell.m */; };
		31FDDE601B29D9120009BBC2 /* LEOOneButtonPrimaryOnlyCell.m in Sources */ = {isa = PBXBuildFile; fileRef = 31FDDE5E1B29D9120009BBC2 /* LEOOneButtonPrimaryOnlyCell.m */; };
		31FDDE611B29D9120009BBC2 /* LEOOneButtonPrimaryOnlyCell.xib in Resources */ = {isa = PBXBuildFile; fileRef = 31FDDE5F1B29D9120009BBC2 /* LEOOneButtonPrimaryOnlyCell.xib */; };
		31FDDE641B29DA890009BBC2 /* LEOOneButtonPrimaryOnlyCell+ConfigureForCell.m in Sources */ = {isa = PBXBuildFile; fileRef = 31FDDE631B29DA890009BBC2 /* LEOOneButtonPrimaryOnlyCell+ConfigureForCell.m */; };
		31FDDE681B29E3580009BBC2 /* LEOTwoButtonSecondaryOnlyCell.m in Sources */ = {isa = PBXBuildFile; fileRef = 31FDDE661B29E3580009BBC2 /* LEOTwoButtonSecondaryOnlyCell.m */; };
		31FDDE691B29E3580009BBC2 /* LEOTwoButtonSecondaryOnlyCell.xib in Resources */ = {isa = PBXBuildFile; fileRef = 31FDDE671B29E3580009BBC2 /* LEOTwoButtonSecondaryOnlyCell.xib */; };
		31FDDE6C1B29E38F0009BBC2 /* LEOTwoButtonSecondaryOnlyCell+ConfigureForCell.m in Sources */ = {isa = PBXBuildFile; fileRef = 31FDDE6B1B29E38F0009BBC2 /* LEOTwoButtonSecondaryOnlyCell+ConfigureForCell.m */; };
		31FDDE6E1B29EDE00009BBC2 /* LEOCardSchedulingBookingVC.m in Sources */ = {isa = PBXBuildFile; fileRef = BC472D881B0543C30081DDC3 /* LEOCardSchedulingBookingVC.m */; };
		31FDDE6F1B29EDF70009BBC2 /* ArrayDataSource.m in Sources */ = {isa = PBXBuildFile; fileRef = 3130B48E1B068CE0006ACC80 /* ArrayDataSource.m */; };
		31FEF1571B0D09E700AD14D2 /* LEOSecondaryUserView.m in Sources */ = {isa = PBXBuildFile; fileRef = 31FEF1561B0D09E700AD14D2 /* LEOSecondaryUserView.m */; };
		3AB831E5475A45A2877C8D6C /* libPods-LeoTests.a in Frameworks */ = {isa = PBXBuildFile; fileRef = 7E5BC0D4370F984698F4E074 /* libPods-LeoTests.a */; };
		80A98A7B253FC07906E88FF2 /* libPods-Leo.a in Frameworks */ = {isa = PBXBuildFile; fileRef = 35A5E688B99D6A1E2E30A645 /* libPods-Leo.a */; };
		BC163AFE1B054CBF000FB1CE /* LEOCardTransitionAnimator.m in Sources */ = {isa = PBXBuildFile; fileRef = BC163AFD1B054CBF000FB1CE /* LEOCardTransitionAnimator.m */; };
		BC163B021B054E03000FB1CE /* QuartzCore.framework in Frameworks */ = {isa = PBXBuildFile; fileRef = BC163B011B054E03000FB1CE /* QuartzCore.framework */; };
		BC472D7C1B0523580081DDC3 /* createParentUserResponse.json in Resources */ = {isa = PBXBuildFile; fileRef = BC472D7B1B0523580081DDC3 /* createParentUserResponse.json */; };
		BC472D7F1B0539240081DDC3 /* createChildUserResponse.json in Resources */ = {isa = PBXBuildFile; fileRef = BC472D7E1B0539240081DDC3 /* createChildUserResponse.json */; };
		BC472D811B0539890081DDC3 /* createAppointmentResponse.json in Resources */ = {isa = PBXBuildFile; fileRef = BC472D801B0539890081DDC3 /* createAppointmentResponse.json */; };
		BCA69A361B02AE5100C27B2B /* LEOApiClient.m in Sources */ = {isa = PBXBuildFile; fileRef = BCA69A351B02AE5100C27B2B /* LEOApiClient.m */; };
		BCE1EC6A1B00E353007C8D0B /* main.m in Sources */ = {isa = PBXBuildFile; fileRef = BCE1EC691B00E353007C8D0B /* main.m */; };
		BCE1EC6D1B00E353007C8D0B /* AppDelegate.m in Sources */ = {isa = PBXBuildFile; fileRef = BCE1EC6C1B00E353007C8D0B /* AppDelegate.m */; };
		BCE1EC731B00E353007C8D0B /* Main.storyboard in Resources */ = {isa = PBXBuildFile; fileRef = BCE1EC711B00E353007C8D0B /* Main.storyboard */; };
		BCE1EC751B00E353007C8D0B /* Images.xcassets in Resources */ = {isa = PBXBuildFile; fileRef = BCE1EC741B00E353007C8D0B /* Images.xcassets */; };
		BCE1EC781B00E353007C8D0B /* LaunchScreen.xib in Resources */ = {isa = PBXBuildFile; fileRef = BCE1EC761B00E353007C8D0B /* LaunchScreen.xib */; };
		BCE1EC841B00E353007C8D0B /* LeoTests.m in Sources */ = {isa = PBXBuildFile; fileRef = BCE1EC831B00E353007C8D0B /* LeoTests.m */; };
		BCE1EC941B010336007C8D0B /* LEODataManager.m in Sources */ = {isa = PBXBuildFile; fileRef = BCE1EC931B010336007C8D0B /* LEODataManager.m */; };
		BCE1EC9E1B012628007C8D0B /* UIColor+LeoColors.m in Sources */ = {isa = PBXBuildFile; fileRef = BCE1EC9D1B012628007C8D0B /* UIColor+LeoColors.m */; };
		BCE1ECA11B01443F007C8D0B /* UIFont+LeoFonts.m in Sources */ = {isa = PBXBuildFile; fileRef = BCE1ECA01B01443F007C8D0B /* UIFont+LeoFonts.m */; };
		BCE1ECA41B014613007C8D0B /* LEOConstants.m in Sources */ = {isa = PBXBuildFile; fileRef = BCE1ECA31B014613007C8D0B /* LEOConstants.m */; };
		BCED00811B0150F4007653D6 /* LEOFeedTVC.m in Sources */ = {isa = PBXBuildFile; fileRef = BCED00801B0150F4007653D6 /* LEOFeedTVC.m */; };
/* End PBXBuildFile section */

/* Begin PBXContainerItemProxy section */
		BCE1EC7E1B00E353007C8D0B /* PBXContainerItemProxy */ = {
			isa = PBXContainerItemProxy;
			containerPortal = BCE1EC5C1B00E353007C8D0B /* Project object */;
			proxyType = 1;
			remoteGlobalIDString = BCE1EC631B00E353007C8D0B;
			remoteInfo = Leo;
		};
/* End PBXContainerItemProxy section */

/* Begin PBXFileReference section */
		00C21EAFFFDC7EA3B95241D1 /* Pods-LeoTests.release.xcconfig */ = {isa = PBXFileReference; includeInIndex = 1; lastKnownFileType = text.xcconfig; name = "Pods-LeoTests.release.xcconfig"; path = "Pods/Target Support Files/Pods-LeoTests/Pods-LeoTests.release.xcconfig"; sourceTree = "<group>"; };
		1E7306F91B3F823800D029CC /* UIScrollView+LEOScrollToVisible.h */ = {isa = PBXFileReference; fileEncoding = 4; lastKnownFileType = sourcecode.c.h; path = "UIScrollView+LEOScrollToVisible.h"; sourceTree = "<group>"; };
		1E7306FA1B3F823800D029CC /* UIScrollView+LEOScrollToVisible.m */ = {isa = PBXFileReference; fileEncoding = 4; lastKnownFileType = sourcecode.c.objc; path = "UIScrollView+LEOScrollToVisible.m"; sourceTree = "<group>"; };
		310740721B545EFD0098FD40 /* LEOCardConversation.h */ = {isa = PBXFileReference; fileEncoding = 4; lastKnownFileType = sourcecode.c.h; path = LEOCardConversation.h; sourceTree = "<group>"; };
		310740731B545EFD0098FD40 /* LEOCardConversation.m */ = {isa = PBXFileReference; fileEncoding = 4; lastKnownFileType = sourcecode.c.objc; path = LEOCardConversation.m; sourceTree = "<group>"; };
		31197A0A1B39A70C00C773BA /* UIImageEffects.h */ = {isa = PBXFileReference; fileEncoding = 4; lastKnownFileType = sourcecode.c.h; path = UIImageEffects.h; sourceTree = "<group>"; };
		31197A0B1B39A70C00C773BA /* UIImageEffects.m */ = {isa = PBXFileReference; fileEncoding = 4; lastKnownFileType = sourcecode.c.objc; path = UIImageEffects.m; sourceTree = "<group>"; };
		31197A0D1B39B08B00C773BA /* LEOMainContainerViewController.h */ = {isa = PBXFileReference; fileEncoding = 4; lastKnownFileType = sourcecode.c.h; path = LEOMainContainerViewController.h; sourceTree = "<group>"; };
		31197A0E1B39B08B00C773BA /* LEOMainContainerViewController.m */ = {isa = PBXFileReference; fileEncoding = 4; lastKnownFileType = sourcecode.c.objc; path = LEOMainContainerViewController.m; sourceTree = "<group>"; };
		31197A101B39D8FD00C773BA /* MenuView.h */ = {isa = PBXFileReference; fileEncoding = 4; lastKnownFileType = sourcecode.c.h; path = MenuView.h; sourceTree = "<group>"; };
		31197A111B39D8FD00C773BA /* MenuView.m */ = {isa = PBXFileReference; fileEncoding = 4; lastKnownFileType = sourcecode.c.objc; path = MenuView.m; sourceTree = "<group>"; };
		31197A131B39DA3000C773BA /* MenuView.xib */ = {isa = PBXFileReference; fileEncoding = 4; lastKnownFileType = file.xib; path = MenuView.xib; sourceTree = "<group>"; };
		3128D4D81B42DF6500582710 /* LEOOneButtonSecondaryOnlyCell.h */ = {isa = PBXFileReference; fileEncoding = 4; lastKnownFileType = sourcecode.c.h; path = LEOOneButtonSecondaryOnlyCell.h; sourceTree = "<group>"; };
		3128D4D91B42DF6500582710 /* LEOOneButtonSecondaryOnlyCell.m */ = {isa = PBXFileReference; fileEncoding = 4; lastKnownFileType = sourcecode.c.objc; path = LEOOneButtonSecondaryOnlyCell.m; sourceTree = "<group>"; };
		3128D4DA1B42DF6500582710 /* LEOOneButtonSecondaryOnlyCell.xib */ = {isa = PBXFileReference; fileEncoding = 4; lastKnownFileType = file.xib; path = LEOOneButtonSecondaryOnlyCell.xib; sourceTree = "<group>"; };
		3128D4DD1B42E37000582710 /* LEOOneButtonSecondaryOnlyCell+ConfigureForCell.h */ = {isa = PBXFileReference; fileEncoding = 4; lastKnownFileType = sourcecode.c.h; path = "LEOOneButtonSecondaryOnlyCell+ConfigureForCell.h"; sourceTree = "<group>"; };
		3128D4DE1B42E37000582710 /* LEOOneButtonSecondaryOnlyCell+ConfigureForCell.m */ = {isa = PBXFileReference; fileEncoding = 4; lastKnownFileType = sourcecode.c.objc; path = "LEOOneButtonSecondaryOnlyCell+ConfigureForCell.m"; sourceTree = "<group>"; };
		3128D4E31B430F0200582710 /* LEOTwoButtonPrimaryAndSecondaryCell.h */ = {isa = PBXFileReference; fileEncoding = 4; lastKnownFileType = sourcecode.c.h; name = LEOTwoButtonPrimaryAndSecondaryCell.h; path = "Cell Layouts/LEOTwoButtonPrimaryAndSecondaryCell.h"; sourceTree = "<group>"; };
		3128D4E41B430F0200582710 /* LEOTwoButtonPrimaryAndSecondaryCell.m */ = {isa = PBXFileReference; fileEncoding = 4; lastKnownFileType = sourcecode.c.objc; name = LEOTwoButtonPrimaryAndSecondaryCell.m; path = "Cell Layouts/LEOTwoButtonPrimaryAndSecondaryCell.m"; sourceTree = "<group>"; };
		3128D4E51B430F0200582710 /* LEOTwoButtonPrimaryAndSecondaryCell.xib */ = {isa = PBXFileReference; fileEncoding = 4; lastKnownFileType = file.xib; name = LEOTwoButtonPrimaryAndSecondaryCell.xib; path = "Cell Layouts/LEOTwoButtonPrimaryAndSecondaryCell.xib"; sourceTree = "<group>"; };
		3128D4E81B43135F00582710 /* LEOOneButtonPrimaryAndSecondaryCell.h */ = {isa = PBXFileReference; fileEncoding = 4; lastKnownFileType = sourcecode.c.h; path = LEOOneButtonPrimaryAndSecondaryCell.h; sourceTree = "<group>"; };
		3128D4E91B43135F00582710 /* LEOOneButtonPrimaryAndSecondaryCell.m */ = {isa = PBXFileReference; fileEncoding = 4; lastKnownFileType = sourcecode.c.objc; path = LEOOneButtonPrimaryAndSecondaryCell.m; sourceTree = "<group>"; };
		3128D4EA1B43135F00582710 /* LEOOneButtonPrimaryAndSecondaryCell.xib */ = {isa = PBXFileReference; fileEncoding = 4; lastKnownFileType = file.xib; path = LEOOneButtonPrimaryAndSecondaryCell.xib; sourceTree = "<group>"; };
		3128D4ED1B4313D000582710 /* LEOTwoButtonPrimaryAndSecondaryCell+ConfigureForCell.h */ = {isa = PBXFileReference; fileEncoding = 4; lastKnownFileType = sourcecode.c.h; name = "LEOTwoButtonPrimaryAndSecondaryCell+ConfigureForCell.h"; path = "Cell Layouts/LEOTwoButtonPrimaryAndSecondaryCell+ConfigureForCell.h"; sourceTree = "<group>"; };
		3128D4EE1B4313D000582710 /* LEOTwoButtonPrimaryAndSecondaryCell+ConfigureForCell.m */ = {isa = PBXFileReference; fileEncoding = 4; lastKnownFileType = sourcecode.c.objc; name = "LEOTwoButtonPrimaryAndSecondaryCell+ConfigureForCell.m"; path = "Cell Layouts/LEOTwoButtonPrimaryAndSecondaryCell+ConfigureForCell.m"; sourceTree = "<group>"; };
		3128D4F01B4313EB00582710 /* LEOOneButtonPrimaryAndSecondaryCell+ConfigureForCell.h */ = {isa = PBXFileReference; fileEncoding = 4; lastKnownFileType = sourcecode.c.h; path = "LEOOneButtonPrimaryAndSecondaryCell+ConfigureForCell.h"; sourceTree = "<group>"; };
		3128D4F11B4313EB00582710 /* LEOOneButtonPrimaryAndSecondaryCell+ConfigureForCell.m */ = {isa = PBXFileReference; fileEncoding = 4; lastKnownFileType = sourcecode.c.objc; path = "LEOOneButtonPrimaryAndSecondaryCell+ConfigureForCell.m"; sourceTree = "<group>"; };
		3128D52B1B457DC300582710 /* Patient.h */ = {isa = PBXFileReference; fileEncoding = 4; lastKnownFileType = sourcecode.c.h; path = Patient.h; sourceTree = "<group>"; };
		3128D52C1B457DC300582710 /* Patient.m */ = {isa = PBXFileReference; fileEncoding = 4; lastKnownFileType = sourcecode.c.objc; path = Patient.m; sourceTree = "<group>"; };
		3128D52E1B457E4700582710 /* Family.h */ = {isa = PBXFileReference; fileEncoding = 4; lastKnownFileType = sourcecode.c.h; path = Family.h; sourceTree = "<group>"; };
		3128D52F1B457E4700582710 /* Family.m */ = {isa = PBXFileReference; fileEncoding = 4; lastKnownFileType = sourcecode.c.objc; path = Family.m; sourceTree = "<group>"; };
		3128D5311B45808F00582710 /* Guardian.h */ = {isa = PBXFileReference; fileEncoding = 4; lastKnownFileType = sourcecode.c.h; path = Guardian.h; sourceTree = "<group>"; };
		3128D5321B45808F00582710 /* Guardian.m */ = {isa = PBXFileReference; fileEncoding = 4; lastKnownFileType = sourcecode.c.objc; path = Guardian.m; sourceTree = "<group>"; };
		3128D5341B4588A300582710 /* Provider.h */ = {isa = PBXFileReference; fileEncoding = 4; lastKnownFileType = sourcecode.c.h; path = Provider.h; sourceTree = "<group>"; };
		3128D5351B4588A300582710 /* Provider.m */ = {isa = PBXFileReference; fileEncoding = 4; lastKnownFileType = sourcecode.c.objc; path = Provider.m; sourceTree = "<group>"; };
		3128D5371B4589BE00582710 /* Practice.h */ = {isa = PBXFileReference; fileEncoding = 4; lastKnownFileType = sourcecode.c.h; path = Practice.h; sourceTree = "<group>"; };
		3128D5381B4589BE00582710 /* Practice.m */ = {isa = PBXFileReference; fileEncoding = 4; lastKnownFileType = sourcecode.c.objc; path = Practice.m; sourceTree = "<group>"; };
		3128D53D1B4C1C2C00582710 /* PrepAppointment.h */ = {isa = PBXFileReference; fileEncoding = 4; lastKnownFileType = sourcecode.c.h; name = PrepAppointment.h; path = "Data Model/PrepAppointment.h"; sourceTree = "<group>"; };
		3128D53E1B4C1C2C00582710 /* PrepAppointment.m */ = {isa = PBXFileReference; fileEncoding = 4; lastKnownFileType = sourcecode.c.objc; name = PrepAppointment.m; path = "Data Model/PrepAppointment.m"; sourceTree = "<group>"; };
		31297FFE1B2CCA19000679DA /* LEOChildDropDownTableViewController.h */ = {isa = PBXFileReference; fileEncoding = 4; lastKnownFileType = sourcecode.c.h; path = LEOChildDropDownTableViewController.h; sourceTree = "<group>"; };
		31297FFF1B2CCA19000679DA /* LEOChildDropDownTableViewController.m */ = {isa = PBXFileReference; fileEncoding = 4; lastKnownFileType = sourcecode.c.objc; path = LEOChildDropDownTableViewController.m; sourceTree = "<group>"; };
		312980011B2CCA3F000679DA /* LEOChildCell.h */ = {isa = PBXFileReference; fileEncoding = 4; lastKnownFileType = sourcecode.c.h; path = LEOChildCell.h; sourceTree = "<group>"; };
		312980021B2CCA3F000679DA /* LEOChildCell.m */ = {isa = PBXFileReference; fileEncoding = 4; lastKnownFileType = sourcecode.c.objc; path = LEOChildCell.m; sourceTree = "<group>"; };
		312980031B2CCA3F000679DA /* LEOChildCell.xib */ = {isa = PBXFileReference; fileEncoding = 4; lastKnownFileType = file.xib; path = LEOChildCell.xib; sourceTree = "<group>"; };
		312980061B2CCB22000679DA /* LEOChildCell+ConfigureForCell.h */ = {isa = PBXFileReference; fileEncoding = 4; lastKnownFileType = sourcecode.c.h; path = "LEOChildCell+ConfigureForCell.h"; sourceTree = "<group>"; };
		312980071B2CCB22000679DA /* LEOChildCell+ConfigureForCell.m */ = {isa = PBXFileReference; fileEncoding = 4; lastKnownFileType = sourcecode.c.objc; path = "LEOChildCell+ConfigureForCell.m"; sourceTree = "<group>"; };
		3130B48D1B068CE0006ACC80 /* ArrayDataSource.h */ = {isa = PBXFileReference; fileEncoding = 4; lastKnownFileType = sourcecode.c.h; path = ArrayDataSource.h; sourceTree = "<group>"; };
		3130B48E1B068CE0006ACC80 /* ArrayDataSource.m */ = {isa = PBXFileReference; fileEncoding = 4; lastKnownFileType = sourcecode.c.objc; path = ArrayDataSource.m; sourceTree = "<group>"; };
		314F6A051B2A0D0000799AB4 /* User.h */ = {isa = PBXFileReference; fileEncoding = 4; lastKnownFileType = sourcecode.c.h; name = User.h; path = "Data Model/User.h"; sourceTree = "<group>"; };
		314F6A061B2A0D0000799AB4 /* User.m */ = {isa = PBXFileReference; fileEncoding = 4; lastKnownFileType = sourcecode.c.objc; name = User.m; path = "Data Model/User.m"; sourceTree = "<group>"; };
		3177B9961B17A1B7006AE360 /* LEOCardScheduling.h */ = {isa = PBXFileReference; fileEncoding = 4; lastKnownFileType = sourcecode.c.h; path = LEOCardScheduling.h; sourceTree = "<group>"; };
		3177B9971B17A1B7006AE360 /* LEOCardScheduling.m */ = {isa = PBXFileReference; fileEncoding = 4; lastKnownFileType = sourcecode.c.objc; lineEnding = 0; path = LEOCardScheduling.m; sourceTree = "<group>"; };
		3177B9CF1B191928006AE360 /* Conversation.h */ = {isa = PBXFileReference; fileEncoding = 4; lastKnownFileType = sourcecode.c.h; name = Conversation.h; path = "Data Model/Conversation.h"; sourceTree = "<group>"; };
		3177B9D01B191928006AE360 /* Conversation.m */ = {isa = PBXFileReference; fileEncoding = 4; lastKnownFileType = sourcecode.c.objc; name = Conversation.m; path = "Data Model/Conversation.m"; sourceTree = "<group>"; };
		3177B9D21B191929006AE360 /* Role.h */ = {isa = PBXFileReference; fileEncoding = 4; lastKnownFileType = sourcecode.c.h; name = Role.h; path = "Data Model/Role.h"; sourceTree = "<group>"; };
		3177B9D31B191929006AE360 /* Role.m */ = {isa = PBXFileReference; fileEncoding = 4; lastKnownFileType = sourcecode.c.objc; name = Role.m; path = "Data Model/Role.m"; sourceTree = "<group>"; };
		3177B9D81B191929006AE360 /* Message.h */ = {isa = PBXFileReference; fileEncoding = 4; lastKnownFileType = sourcecode.c.h; name = Message.h; path = "Data Model/Message.h"; sourceTree = "<group>"; };
		3177B9D91B191929006AE360 /* Message.m */ = {isa = PBXFileReference; fileEncoding = 4; lastKnownFileType = sourcecode.c.objc; name = Message.m; path = "Data Model/Message.m"; sourceTree = "<group>"; };
		3178BB981B2F14410017B72A /* ResizingContainerView.h */ = {isa = PBXFileReference; fileEncoding = 4; lastKnownFileType = sourcecode.c.h; path = ResizingContainerView.h; sourceTree = "<group>"; };
		3178BB991B2F14410017B72A /* ResizingContainerView.m */ = {isa = PBXFileReference; fileEncoding = 4; lastKnownFileType = sourcecode.c.objc; path = ResizingContainerView.m; sourceTree = "<group>"; };
		3182E5511B208CC6004DECF8 /* PageViewDataSource.h */ = {isa = PBXFileReference; fileEncoding = 4; lastKnownFileType = sourcecode.c.h; path = PageViewDataSource.h; sourceTree = "<group>"; };
		3182E5521B208CC6004DECF8 /* PageViewDataSource.m */ = {isa = PBXFileReference; fileEncoding = 4; lastKnownFileType = sourcecode.c.objc; path = PageViewDataSource.m; sourceTree = "<group>"; };
		3182E5561B208F85004DECF8 /* TimeCollectionViewController.h */ = {isa = PBXFileReference; fileEncoding = 4; lastKnownFileType = sourcecode.c.h; path = TimeCollectionViewController.h; sourceTree = "<group>"; };
		3182E5571B208F85004DECF8 /* TimeCollectionViewController.m */ = {isa = PBXFileReference; fileEncoding = 4; lastKnownFileType = sourcecode.c.objc; path = TimeCollectionViewController.m; sourceTree = "<group>"; };
		3182E55C1B20C8F5004DECF8 /* NSDate+Extensions.h */ = {isa = PBXFileReference; fileEncoding = 4; lastKnownFileType = sourcecode.c.h; path = "NSDate+Extensions.h"; sourceTree = "<group>"; };
		3182E55D1B20C8F5004DECF8 /* NSDate+Extensions.m */ = {isa = PBXFileReference; fileEncoding = 4; lastKnownFileType = sourcecode.c.objc; path = "NSDate+Extensions.m"; sourceTree = "<group>"; };
		318CA7C31B4EB334004E44AD /* getCardsForUser.json */ = {isa = PBXFileReference; fileEncoding = 4; lastKnownFileType = text.json; name = getCardsForUser.json; path = Stubs/getCardsForUser.json; sourceTree = SOURCE_ROOT; };
		318CA7C41B4EB334004E44AD /* getFamilyForUser.json */ = {isa = PBXFileReference; fileEncoding = 4; lastKnownFileType = text.json; name = getFamilyForUser.json; path = Stubs/getFamilyForUser.json; sourceTree = SOURCE_ROOT; };
		318CA7C51B4EB334004E44AD /* getProviders.json */ = {isa = PBXFileReference; fileEncoding = 4; lastKnownFileType = text.json; name = getProviders.json; path = Stubs/getProviders.json; sourceTree = SOURCE_ROOT; };
		318CA7C61B4EB334004E44AD /* getVisitTypes.json */ = {isa = PBXFileReference; fileEncoding = 4; lastKnownFileType = text.json; name = getVisitTypes.json; path = Stubs/getVisitTypes.json; sourceTree = SOURCE_ROOT; };
		318CA7CB1B4EEAA4004E44AD /* Support.h */ = {isa = PBXFileReference; fileEncoding = 4; lastKnownFileType = sourcecode.c.h; name = Support.h; path = "Data Model/Support.h"; sourceTree = "<group>"; };
		318CA7CC1B4EEAA4004E44AD /* Support.m */ = {isa = PBXFileReference; fileEncoding = 4; lastKnownFileType = sourcecode.c.objc; name = Support.m; path = "Data Model/Support.m"; sourceTree = "<group>"; };
		318EEE0E1B3B3FA3002D1653 /* Assets */ = {isa = PBXFileReference; lastKnownFileType = folder; name = Assets; path = ../../../Assets; sourceTree = "<group>"; };
		31920A441B0A855F006309C2 /* getMessagesForConversationResponse.json */ = {isa = PBXFileReference; fileEncoding = 4; lastKnownFileType = text.json; path = getMessagesForConversationResponse.json; sourceTree = "<group>"; };
		3192ACD71B0CC7C5007195F2 /* UIImage+Extensions.h */ = {isa = PBXFileReference; fileEncoding = 4; lastKnownFileType = sourcecode.c.h; path = "UIImage+Extensions.h"; sourceTree = "<group>"; };
		3192ACD81B0CC7C5007195F2 /* UIImage+Extensions.m */ = {isa = PBXFileReference; fileEncoding = 4; lastKnownFileType = sourcecode.c.objc; path = "UIImage+Extensions.m"; sourceTree = "<group>"; };
		319F335B1B2201F900C1C526 /* CollectionViewLayout.h */ = {isa = PBXFileReference; fileEncoding = 4; lastKnownFileType = sourcecode.c.h; path = CollectionViewLayout.h; sourceTree = "<group>"; };
		319F335C1B2201F900C1C526 /* CollectionViewLayout.m */ = {isa = PBXFileReference; fileEncoding = 4; lastKnownFileType = sourcecode.c.objc; path = CollectionViewLayout.m; sourceTree = "<group>"; };
		31A2867F1B0A2DB100CBAF1A /* LEOAPIHelper.h */ = {isa = PBXFileReference; fileEncoding = 4; lastKnownFileType = sourcecode.c.h; name = LEOAPIHelper.h; path = APIs/LEOAPIHelper.h; sourceTree = "<group>"; };
		31A286801B0A2DB100CBAF1A /* LEOAPIHelper.m */ = {isa = PBXFileReference; fileEncoding = 4; lastKnownFileType = sourcecode.c.objc; name = LEOAPIHelper.m; path = APIs/LEOAPIHelper.m; sourceTree = "<group>"; };
		31BA40461B30885200A11AEE /* LEODropDownSelectedCell.h */ = {isa = PBXFileReference; fileEncoding = 4; lastKnownFileType = sourcecode.c.h; path = LEODropDownSelectedCell.h; sourceTree = "<group>"; };
		31BA40471B30885200A11AEE /* LEODropDownSelectedCell.m */ = {isa = PBXFileReference; fileEncoding = 4; lastKnownFileType = sourcecode.c.objc; path = LEODropDownSelectedCell.m; sourceTree = "<group>"; };
		31BA40481B30885200A11AEE /* LEODropDownSelectedCell.xib */ = {isa = PBXFileReference; fileEncoding = 4; lastKnownFileType = file.xib; path = LEODropDownSelectedCell.xib; sourceTree = "<group>"; };
		31BA404B1B309E3000A11AEE /* AppointmentType.h */ = {isa = PBXFileReference; fileEncoding = 4; lastKnownFileType = sourcecode.c.h; path = AppointmentType.h; sourceTree = "<group>"; };
		31BA404C1B309E3000A11AEE /* AppointmentType.m */ = {isa = PBXFileReference; fileEncoding = 4; lastKnownFileType = sourcecode.c.objc; path = AppointmentType.m; sourceTree = "<group>"; };
		31BA404E1B30A0AB00A11AEE /* Appointment.h */ = {isa = PBXFileReference; fileEncoding = 4; lastKnownFileType = sourcecode.c.h; name = Appointment.h; path = "Data Model/Appointment.h"; sourceTree = "<group>"; };
		31BA404F1B30A0AB00A11AEE /* Appointment.m */ = {isa = PBXFileReference; fileEncoding = 4; lastKnownFileType = sourcecode.c.objc; name = Appointment.m; path = "Data Model/Appointment.m"; sourceTree = "<group>"; };
		31BA40541B30A5F900A11AEE /* LEOSectionSeparator.h */ = {isa = PBXFileReference; fileEncoding = 4; lastKnownFileType = sourcecode.c.h; path = LEOSectionSeparator.h; sourceTree = "<group>"; };
		31BA40551B30A5F900A11AEE /* LEOSectionSeparator.m */ = {isa = PBXFileReference; fileEncoding = 4; lastKnownFileType = sourcecode.c.objc; path = LEOSectionSeparator.m; sourceTree = "<group>"; };
		31CF990F1B17754B00BFAABE /* LEOTransitioningDelegate.h */ = {isa = PBXFileReference; fileEncoding = 4; lastKnownFileType = sourcecode.c.h; path = LEOTransitioningDelegate.h; sourceTree = "<group>"; };
		31CF99101B17754B00BFAABE /* LEOTransitioningDelegate.m */ = {isa = PBXFileReference; fileEncoding = 4; lastKnownFileType = sourcecode.c.objc; path = LEOTransitioningDelegate.m; sourceTree = "<group>"; };
		31D20AC71B14C2F700F3351A /* LEOPageViewController.h */ = {isa = PBXFileReference; fileEncoding = 4; lastKnownFileType = sourcecode.c.h; path = LEOPageViewController.h; sourceTree = "<group>"; };
		31D20AC81B14C2F700F3351A /* LEOPageViewController.m */ = {isa = PBXFileReference; fileEncoding = 4; lastKnownFileType = sourcecode.c.objc; path = LEOPageViewController.m; sourceTree = "<group>"; };
		31D20ACA1B14C61F00F3351A /* LEOEHRViewController.h */ = {isa = PBXFileReference; fileEncoding = 4; lastKnownFileType = sourcecode.c.h; path = LEOEHRViewController.h; sourceTree = "<group>"; };
		31D20ACB1B14C61F00F3351A /* LEOEHRViewController.m */ = {isa = PBXFileReference; fileEncoding = 4; lastKnownFileType = sourcecode.c.objc; path = LEOEHRViewController.m; sourceTree = "<group>"; };
		31D20B071B151C5100F3351A /* LEOPageModelController.h */ = {isa = PBXFileReference; fileEncoding = 4; lastKnownFileType = sourcecode.c.h; path = LEOPageModelController.h; sourceTree = "<group>"; };
		31D20B081B151C5100F3351A /* LEOPageModelController.m */ = {isa = PBXFileReference; fileEncoding = 4; lastKnownFileType = sourcecode.c.objc; path = LEOPageModelController.m; sourceTree = "<group>"; };
		31D418A81B37AB9C008D70F3 /* LEOChildDropDownTableView.h */ = {isa = PBXFileReference; fileEncoding = 4; lastKnownFileType = sourcecode.c.h; path = LEOChildDropDownTableView.h; sourceTree = "<group>"; };
		31D418A91B37AB9C008D70F3 /* LEOChildDropDownTableView.m */ = {isa = PBXFileReference; fileEncoding = 4; lastKnownFileType = sourcecode.c.objc; path = LEOChildDropDownTableView.m; sourceTree = "<group>"; };
		31D418AB1B3872C7008D70F3 /* DateTimeSelectionProtocol.h */ = {isa = PBXFileReference; fileEncoding = 4; lastKnownFileType = sourcecode.c.h; path = DateTimeSelectionProtocol.h; sourceTree = "<group>"; };
		31D62EC21B1CBA7400B4150A /* LEOTimeCell.h */ = {isa = PBXFileReference; fileEncoding = 4; lastKnownFileType = sourcecode.c.h; path = LEOTimeCell.h; sourceTree = "<group>"; };
		31D62EC31B1CBA7400B4150A /* LEOTimeCell.m */ = {isa = PBXFileReference; fileEncoding = 4; lastKnownFileType = sourcecode.c.objc; path = LEOTimeCell.m; sourceTree = "<group>"; };
		31D62EC41B1CBA7400B4150A /* LEOTimeCell.xib */ = {isa = PBXFileReference; fileEncoding = 4; lastKnownFileType = file.xib; path = LEOTimeCell.xib; sourceTree = "<group>"; };
		31D62ECA1B1CEB1400B4150A /* Scheduling.storyboard */ = {isa = PBXFileReference; fileEncoding = 4; lastKnownFileType = file.storyboard; path = Scheduling.storyboard; sourceTree = "<group>"; };
		31D62ECD1B1D3ED500B4150A /* LEODateCell.h */ = {isa = PBXFileReference; fileEncoding = 4; lastKnownFileType = sourcecode.c.h; path = LEODateCell.h; sourceTree = "<group>"; };
		31D62ECE1B1D3ED500B4150A /* LEODateCell.m */ = {isa = PBXFileReference; fileEncoding = 4; lastKnownFileType = sourcecode.c.objc; path = LEODateCell.m; sourceTree = "<group>"; };
		31D62ECF1B1D3ED500B4150A /* LEODateCell.xib */ = {isa = PBXFileReference; fileEncoding = 4; lastKnownFileType = file.xib; path = LEODateCell.xib; sourceTree = "<group>"; };
		31D7ADE91B21F9A100E8C5EE /* CollectionViewDataSource.h */ = {isa = PBXFileReference; fileEncoding = 4; lastKnownFileType = sourcecode.c.h; path = CollectionViewDataSource.h; sourceTree = "<group>"; };
		31D7ADEA1B21F9A100E8C5EE /* CollectionViewDataSource.m */ = {isa = PBXFileReference; fileEncoding = 4; lastKnownFileType = sourcecode.c.objc; path = CollectionViewDataSource.m; sourceTree = "<group>"; };
		31ECA3331B23C39000BC1D6B /* LEOTimeCell+ConfigureCell.h */ = {isa = PBXFileReference; fileEncoding = 4; lastKnownFileType = sourcecode.c.h; path = "LEOTimeCell+ConfigureCell.h"; sourceTree = "<group>"; };
		31ECA3341B23C39000BC1D6B /* LEOTimeCell+ConfigureCell.m */ = {isa = PBXFileReference; fileEncoding = 4; lastKnownFileType = sourcecode.c.objc; path = "LEOTimeCell+ConfigureCell.m"; sourceTree = "<group>"; };
		31ECA3361B23C53500BC1D6B /* LEODateCell+ConfigureCell.h */ = {isa = PBXFileReference; fileEncoding = 4; lastKnownFileType = sourcecode.c.h; path = "LEODateCell+ConfigureCell.h"; sourceTree = "<group>"; };
		31ECA3371B23C53500BC1D6B /* LEODateCell+ConfigureCell.m */ = {isa = PBXFileReference; fileEncoding = 4; lastKnownFileType = sourcecode.c.objc; path = "LEODateCell+ConfigureCell.m"; sourceTree = "<group>"; };
		31F0EA561B27430D00E4D83A /* LEODropDownController.h */ = {isa = PBXFileReference; fileEncoding = 4; lastKnownFileType = sourcecode.c.h; path = LEODropDownController.h; sourceTree = "<group>"; };
		31F0EA571B27430D00E4D83A /* LEODropDownController.m */ = {isa = PBXFileReference; fileEncoding = 4; lastKnownFileType = sourcecode.c.objc; path = LEODropDownController.m; sourceTree = "<group>"; };
		31F0EA581B27430D00E4D83A /* LEODropDownTableView.h */ = {isa = PBXFileReference; fileEncoding = 4; lastKnownFileType = sourcecode.c.h; path = LEODropDownTableView.h; sourceTree = "<group>"; };
		31F0EA591B27430D00E4D83A /* LEODropDownTableView.m */ = {isa = PBXFileReference; fileEncoding = 4; lastKnownFileType = sourcecode.c.objc; path = LEODropDownTableView.m; sourceTree = "<group>"; };
		31F0EA5E1B27430D00E4D83A /* LEODropDownSelectionCell+ConfigureCell.h */ = {isa = PBXFileReference; fileEncoding = 4; lastKnownFileType = sourcecode.c.h; path = "LEODropDownSelectionCell+ConfigureCell.h"; sourceTree = "<group>"; };
		31F0EA5F1B27430D00E4D83A /* LEODropDownSelectionCell+ConfigureCell.m */ = {isa = PBXFileReference; fileEncoding = 4; lastKnownFileType = sourcecode.c.objc; path = "LEODropDownSelectionCell+ConfigureCell.m"; sourceTree = "<group>"; };
		31F0EA621B27430D00E4D83A /* LEODropDownSelectionCell.h */ = {isa = PBXFileReference; fileEncoding = 4; lastKnownFileType = sourcecode.c.h; path = LEODropDownSelectionCell.h; sourceTree = "<group>"; };
		31F0EA631B27430D00E4D83A /* LEODropDownSelectionCell.m */ = {isa = PBXFileReference; fileEncoding = 4; lastKnownFileType = sourcecode.c.objc; path = LEODropDownSelectionCell.m; sourceTree = "<group>"; };
		31F0EA641B27430D00E4D83A /* LEODropDownSelectionCell.xib */ = {isa = PBXFileReference; fileEncoding = 4; lastKnownFileType = file.xib; path = LEODropDownSelectionCell.xib; sourceTree = "<group>"; };
		31FDDE491B28887A0009BBC2 /* LEODropDownSelectedCell+ConfigureCell.h */ = {isa = PBXFileReference; fileEncoding = 4; lastKnownFileType = sourcecode.c.h; path = "LEODropDownSelectedCell+ConfigureCell.h"; sourceTree = "<group>"; };
		31FDDE4A1B28887A0009BBC2 /* LEODropDownSelectedCell+ConfigureCell.m */ = {isa = PBXFileReference; fileEncoding = 4; lastKnownFileType = sourcecode.c.objc; path = "LEODropDownSelectedCell+ConfigureCell.m"; sourceTree = "<group>"; };
		31FDDE511B28B9230009BBC2 /* CardActivityProtocol.h */ = {isa = PBXFileReference; fileEncoding = 4; lastKnownFileType = sourcecode.c.h; path = CardActivityProtocol.h; sourceTree = "<group>"; };
		31FDDE521B28DD2C0009BBC2 /* LEOTwoButtonPrimaryOnlyCell.h */ = {isa = PBXFileReference; fileEncoding = 4; lastKnownFileType = sourcecode.c.h; path = LEOTwoButtonPrimaryOnlyCell.h; sourceTree = "<group>"; };
		31FDDE531B28DD2C0009BBC2 /* LEOTwoButtonPrimaryOnlyCell.m */ = {isa = PBXFileReference; fileEncoding = 4; lastKnownFileType = sourcecode.c.objc; path = LEOTwoButtonPrimaryOnlyCell.m; sourceTree = "<group>"; };
		31FDDE541B28DD2C0009BBC2 /* LEOTwoButtonPrimaryOnlyCell.xib */ = {isa = PBXFileReference; fileEncoding = 4; lastKnownFileType = file.xib; path = LEOTwoButtonPrimaryOnlyCell.xib; sourceTree = "<group>"; };
		31FDDE571B28DFC10009BBC2 /* LEOTwoButtonPrimaryOnlyCell+ConfigureForCell.h */ = {isa = PBXFileReference; fileEncoding = 4; lastKnownFileType = sourcecode.c.h; path = "LEOTwoButtonPrimaryOnlyCell+ConfigureForCell.h"; sourceTree = "<group>"; };
		31FDDE581B28DFC10009BBC2 /* LEOTwoButtonPrimaryOnlyCell+ConfigureForCell.m */ = {isa = PBXFileReference; fileEncoding = 4; lastKnownFileType = sourcecode.c.objc; path = "LEOTwoButtonPrimaryOnlyCell+ConfigureForCell.m"; sourceTree = "<group>"; };
		31FDDE5A1B29CF8C0009BBC2 /* LEOFeedCell.h */ = {isa = PBXFileReference; fileEncoding = 4; lastKnownFileType = sourcecode.c.h; path = LEOFeedCell.h; sourceTree = "<group>"; };
		31FDDE5B1B29CF8C0009BBC2 /* LEOFeedCell.m */ = {isa = PBXFileReference; fileEncoding = 4; lastKnownFileType = sourcecode.c.objc; path = LEOFeedCell.m; sourceTree = "<group>"; };
		31FDDE5D1B29D9120009BBC2 /* LEOOneButtonPrimaryOnlyCell.h */ = {isa = PBXFileReference; fileEncoding = 4; lastKnownFileType = sourcecode.c.h; path = LEOOneButtonPrimaryOnlyCell.h; sourceTree = "<group>"; };
		31FDDE5E1B29D9120009BBC2 /* LEOOneButtonPrimaryOnlyCell.m */ = {isa = PBXFileReference; fileEncoding = 4; lastKnownFileType = sourcecode.c.objc; path = LEOOneButtonPrimaryOnlyCell.m; sourceTree = "<group>"; };
		31FDDE5F1B29D9120009BBC2 /* LEOOneButtonPrimaryOnlyCell.xib */ = {isa = PBXFileReference; fileEncoding = 4; lastKnownFileType = file.xib; path = LEOOneButtonPrimaryOnlyCell.xib; sourceTree = "<group>"; };
		31FDDE621B29DA890009BBC2 /* LEOOneButtonPrimaryOnlyCell+ConfigureForCell.h */ = {isa = PBXFileReference; fileEncoding = 4; lastKnownFileType = sourcecode.c.h; path = "LEOOneButtonPrimaryOnlyCell+ConfigureForCell.h"; sourceTree = "<group>"; };
		31FDDE631B29DA890009BBC2 /* LEOOneButtonPrimaryOnlyCell+ConfigureForCell.m */ = {isa = PBXFileReference; fileEncoding = 4; lastKnownFileType = sourcecode.c.objc; path = "LEOOneButtonPrimaryOnlyCell+ConfigureForCell.m"; sourceTree = "<group>"; };
		31FDDE651B29E3580009BBC2 /* LEOTwoButtonSecondaryOnlyCell.h */ = {isa = PBXFileReference; fileEncoding = 4; lastKnownFileType = sourcecode.c.h; path = LEOTwoButtonSecondaryOnlyCell.h; sourceTree = "<group>"; };
		31FDDE661B29E3580009BBC2 /* LEOTwoButtonSecondaryOnlyCell.m */ = {isa = PBXFileReference; fileEncoding = 4; lastKnownFileType = sourcecode.c.objc; path = LEOTwoButtonSecondaryOnlyCell.m; sourceTree = "<group>"; };
		31FDDE671B29E3580009BBC2 /* LEOTwoButtonSecondaryOnlyCell.xib */ = {isa = PBXFileReference; fileEncoding = 4; lastKnownFileType = file.xib; path = LEOTwoButtonSecondaryOnlyCell.xib; sourceTree = "<group>"; };
		31FDDE6A1B29E38F0009BBC2 /* LEOTwoButtonSecondaryOnlyCell+ConfigureForCell.h */ = {isa = PBXFileReference; fileEncoding = 4; lastKnownFileType = sourcecode.c.h; path = "LEOTwoButtonSecondaryOnlyCell+ConfigureForCell.h"; sourceTree = "<group>"; };
		31FDDE6B1B29E38F0009BBC2 /* LEOTwoButtonSecondaryOnlyCell+ConfigureForCell.m */ = {isa = PBXFileReference; fileEncoding = 4; lastKnownFileType = sourcecode.c.objc; path = "LEOTwoButtonSecondaryOnlyCell+ConfigureForCell.m"; sourceTree = "<group>"; };
		31FEF1521B0D073600AD14D2 /* LEOCard.h */ = {isa = PBXFileReference; fileEncoding = 4; lastKnownFileType = sourcecode.c.h; path = LEOCard.h; sourceTree = "<group>"; };
		31FEF1531B0D073600AD14D2 /* LEOCard.m */ = {isa = PBXFileReference; fileEncoding = 4; lastKnownFileType = sourcecode.c.objc; path = LEOCard.m; sourceTree = "<group>"; };
		31FEF1551B0D09E700AD14D2 /* LEOSecondaryUserView.h */ = {isa = PBXFileReference; fileEncoding = 4; lastKnownFileType = sourcecode.c.h; path = LEOSecondaryUserView.h; sourceTree = "<group>"; };
		31FEF1561B0D09E700AD14D2 /* LEOSecondaryUserView.m */ = {isa = PBXFileReference; fileEncoding = 4; lastKnownFileType = sourcecode.c.objc; path = LEOSecondaryUserView.m; sourceTree = "<group>"; };
		35A5E688B99D6A1E2E30A645 /* libPods-Leo.a */ = {isa = PBXFileReference; explicitFileType = archive.ar; includeInIndex = 0; path = "libPods-Leo.a"; sourceTree = BUILT_PRODUCTS_DIR; };
		3DBE2EB46C1BD8FF573DB996 /* Pods-Leo.debug.xcconfig */ = {isa = PBXFileReference; includeInIndex = 1; lastKnownFileType = text.xcconfig; name = "Pods-Leo.debug.xcconfig"; path = "Pods/Target Support Files/Pods-Leo/Pods-Leo.debug.xcconfig"; sourceTree = "<group>"; };
		68672CCCC55FDBB684C56186 /* Pods-Leo.release.xcconfig */ = {isa = PBXFileReference; includeInIndex = 1; lastKnownFileType = text.xcconfig; name = "Pods-Leo.release.xcconfig"; path = "Pods/Target Support Files/Pods-Leo/Pods-Leo.release.xcconfig"; sourceTree = "<group>"; };
		7E5BC0D4370F984698F4E074 /* libPods-LeoTests.a */ = {isa = PBXFileReference; explicitFileType = archive.ar; includeInIndex = 0; path = "libPods-LeoTests.a"; sourceTree = BUILT_PRODUCTS_DIR; };
		8E925C5780DCA1FB4A55B841 /* Pods-LeoTests.debug.xcconfig */ = {isa = PBXFileReference; includeInIndex = 1; lastKnownFileType = text.xcconfig; name = "Pods-LeoTests.debug.xcconfig"; path = "Pods/Target Support Files/Pods-LeoTests/Pods-LeoTests.debug.xcconfig"; sourceTree = "<group>"; };
		BC163AFC1B054CBF000FB1CE /* LEOCardTransitionAnimator.h */ = {isa = PBXFileReference; fileEncoding = 4; lastKnownFileType = sourcecode.c.h; path = LEOCardTransitionAnimator.h; sourceTree = "<group>"; };
		BC163AFD1B054CBF000FB1CE /* LEOCardTransitionAnimator.m */ = {isa = PBXFileReference; fileEncoding = 4; lastKnownFileType = sourcecode.c.objc; path = LEOCardTransitionAnimator.m; sourceTree = "<group>"; };
		BC163B011B054E03000FB1CE /* QuartzCore.framework */ = {isa = PBXFileReference; lastKnownFileType = wrapper.framework; name = QuartzCore.framework; path = System/Library/Frameworks/QuartzCore.framework; sourceTree = SDKROOT; };
		BC472D7B1B0523580081DDC3 /* createParentUserResponse.json */ = {isa = PBXFileReference; fileEncoding = 4; lastKnownFileType = text.json; path = createParentUserResponse.json; sourceTree = "<group>"; };
		BC472D7E1B0539240081DDC3 /* createChildUserResponse.json */ = {isa = PBXFileReference; fileEncoding = 4; lastKnownFileType = text.json; path = createChildUserResponse.json; sourceTree = "<group>"; };
		BC472D801B0539890081DDC3 /* createAppointmentResponse.json */ = {isa = PBXFileReference; fileEncoding = 4; lastKnownFileType = text.json; path = createAppointmentResponse.json; sourceTree = "<group>"; };
		BC472D871B0543C30081DDC3 /* LEOCardSchedulingBookingVC.h */ = {isa = PBXFileReference; fileEncoding = 4; lastKnownFileType = sourcecode.c.h; path = LEOCardSchedulingBookingVC.h; sourceTree = "<group>"; };
		BC472D881B0543C30081DDC3 /* LEOCardSchedulingBookingVC.m */ = {isa = PBXFileReference; fileEncoding = 4; lastKnownFileType = sourcecode.c.objc; path = LEOCardSchedulingBookingVC.m; sourceTree = "<group>"; };
		BCA69A341B02AE5100C27B2B /* LEOApiClient.h */ = {isa = PBXFileReference; fileEncoding = 4; lastKnownFileType = sourcecode.c.h; name = LEOApiClient.h; path = APIs/LEOApiClient.h; sourceTree = "<group>"; };
		BCA69A351B02AE5100C27B2B /* LEOApiClient.m */ = {isa = PBXFileReference; fileEncoding = 4; lastKnownFileType = sourcecode.c.objc; name = LEOApiClient.m; path = APIs/LEOApiClient.m; sourceTree = "<group>"; };
		BCA69A381B035CEF00C27B2B /* Leo-Prefix.pch */ = {isa = PBXFileReference; fileEncoding = 4; lastKnownFileType = sourcecode.c.h; name = "Leo-Prefix.pch"; path = "../Leo-Prefix.pch"; sourceTree = "<group>"; };
		BCE1EC641B00E353007C8D0B /* Leo.app */ = {isa = PBXFileReference; explicitFileType = wrapper.application; includeInIndex = 0; path = Leo.app; sourceTree = BUILT_PRODUCTS_DIR; };
		BCE1EC681B00E353007C8D0B /* Info.plist */ = {isa = PBXFileReference; lastKnownFileType = text.plist.xml; path = Info.plist; sourceTree = "<group>"; };
		BCE1EC691B00E353007C8D0B /* main.m */ = {isa = PBXFileReference; lastKnownFileType = sourcecode.c.objc; path = main.m; sourceTree = "<group>"; };
		BCE1EC6B1B00E353007C8D0B /* AppDelegate.h */ = {isa = PBXFileReference; lastKnownFileType = sourcecode.c.h; name = AppDelegate.h; path = Leo/AppDelegate.h; sourceTree = "<group>"; };
		BCE1EC6C1B00E353007C8D0B /* AppDelegate.m */ = {isa = PBXFileReference; lastKnownFileType = sourcecode.c.objc; name = AppDelegate.m; path = Leo/AppDelegate.m; sourceTree = "<group>"; };
		BCE1EC721B00E353007C8D0B /* Base */ = {isa = PBXFileReference; lastKnownFileType = file.storyboard; name = Base; path = Base.lproj/Main.storyboard; sourceTree = "<group>"; };
		BCE1EC741B00E353007C8D0B /* Images.xcassets */ = {isa = PBXFileReference; lastKnownFileType = folder.assetcatalog; name = Images.xcassets; path = Leo/Images.xcassets; sourceTree = SOURCE_ROOT; };
		BCE1EC771B00E353007C8D0B /* Base */ = {isa = PBXFileReference; lastKnownFileType = file.xib; name = Base; path = Base.lproj/LaunchScreen.xib; sourceTree = "<group>"; };
		BCE1EC7D1B00E353007C8D0B /* LeoTests.xctest */ = {isa = PBXFileReference; explicitFileType = wrapper.cfbundle; includeInIndex = 0; path = LeoTests.xctest; sourceTree = BUILT_PRODUCTS_DIR; };
		BCE1EC821B00E353007C8D0B /* Info.plist */ = {isa = PBXFileReference; lastKnownFileType = text.plist.xml; path = Info.plist; sourceTree = "<group>"; };
		BCE1EC831B00E353007C8D0B /* LeoTests.m */ = {isa = PBXFileReference; lastKnownFileType = sourcecode.c.objc; path = LeoTests.m; sourceTree = "<group>"; };
		BCE1EC921B010336007C8D0B /* LEODataManager.h */ = {isa = PBXFileReference; fileEncoding = 4; lastKnownFileType = sourcecode.c.h; path = LEODataManager.h; sourceTree = "<group>"; };
		BCE1EC931B010336007C8D0B /* LEODataManager.m */ = {isa = PBXFileReference; fileEncoding = 4; lastKnownFileType = sourcecode.c.objc; path = LEODataManager.m; sourceTree = "<group>"; };
		BCE1EC9B1B01199E007C8D0B /* LEOPrefixHeader.pch */ = {isa = PBXFileReference; fileEncoding = 4; lastKnownFileType = sourcecode.c.h; path = LEOPrefixHeader.pch; sourceTree = "<group>"; };
		BCE1EC9C1B012628007C8D0B /* UIColor+LeoColors.h */ = {isa = PBXFileReference; fileEncoding = 4; lastKnownFileType = sourcecode.c.h; path = "UIColor+LeoColors.h"; sourceTree = "<group>"; };
		BCE1EC9D1B012628007C8D0B /* UIColor+LeoColors.m */ = {isa = PBXFileReference; fileEncoding = 4; lastKnownFileType = sourcecode.c.objc; path = "UIColor+LeoColors.m"; sourceTree = "<group>"; };
		BCE1EC9F1B01443F007C8D0B /* UIFont+LeoFonts.h */ = {isa = PBXFileReference; fileEncoding = 4; lastKnownFileType = sourcecode.c.h; path = "UIFont+LeoFonts.h"; sourceTree = "<group>"; };
		BCE1ECA01B01443F007C8D0B /* UIFont+LeoFonts.m */ = {isa = PBXFileReference; fileEncoding = 4; lastKnownFileType = sourcecode.c.objc; path = "UIFont+LeoFonts.m"; sourceTree = "<group>"; };
		BCE1ECA21B014613007C8D0B /* LEOConstants.h */ = {isa = PBXFileReference; fileEncoding = 4; lastKnownFileType = sourcecode.c.h; lineEnding = 0; path = LEOConstants.h; sourceTree = "<group>"; xcLanguageSpecificationIdentifier = xcode.lang.objcpp; };
		BCE1ECA31B014613007C8D0B /* LEOConstants.m */ = {isa = PBXFileReference; fileEncoding = 4; lastKnownFileType = sourcecode.c.objc; path = LEOConstants.m; sourceTree = "<group>"; };
		BCED007F1B0150F4007653D6 /* LEOFeedTVC.h */ = {isa = PBXFileReference; fileEncoding = 4; lastKnownFileType = sourcecode.c.h; path = LEOFeedTVC.h; sourceTree = "<group>"; };
		BCED00801B0150F4007653D6 /* LEOFeedTVC.m */ = {isa = PBXFileReference; fileEncoding = 4; lastKnownFileType = sourcecode.c.objc; lineEnding = 0; path = LEOFeedTVC.m; sourceTree = "<group>"; xcLanguageSpecificationIdentifier = xcode.lang.objc; };
/* End PBXFileReference section */

/* Begin PBXFrameworksBuildPhase section */
		BCE1EC611B00E353007C8D0B /* Frameworks */ = {
			isa = PBXFrameworksBuildPhase;
			buildActionMask = 2147483647;
			files = (
				BC163B021B054E03000FB1CE /* QuartzCore.framework in Frameworks */,
				80A98A7B253FC07906E88FF2 /* libPods-Leo.a in Frameworks */,
			);
			runOnlyForDeploymentPostprocessing = 0;
		};
		BCE1EC7A1B00E353007C8D0B /* Frameworks */ = {
			isa = PBXFrameworksBuildPhase;
			buildActionMask = 2147483647;
			files = (
				3AB831E5475A45A2877C8D6C /* libPods-LeoTests.a in Frameworks */,
			);
			runOnlyForDeploymentPostprocessing = 0;
		};
/* End PBXFrameworksBuildPhase section */

/* Begin PBXGroup section */
		1E7306F71B3F80F600D029CC /* Extenstions */ = {
			isa = PBXGroup;
			children = (
				1E7306F91B3F823800D029CC /* UIScrollView+LEOScrollToVisible.h */,
				1E7306FA1B3F823800D029CC /* UIScrollView+LEOScrollToVisible.m */,
			);
			name = Extenstions;
			sourceTree = "<group>";
		};
		3101D6DB1B0CE08F00640C10 /* MiniCards */ = {
			isa = PBXGroup;
			children = (
				31FDDE5A1B29CF8C0009BBC2 /* LEOFeedCell.h */,
				31FDDE5B1B29CF8C0009BBC2 /* LEOFeedCell.m */,
				31FDDE521B28DD2C0009BBC2 /* LEOTwoButtonPrimaryOnlyCell.h */,
				31FDDE531B28DD2C0009BBC2 /* LEOTwoButtonPrimaryOnlyCell.m */,
				31FDDE541B28DD2C0009BBC2 /* LEOTwoButtonPrimaryOnlyCell.xib */,
				31FDDE571B28DFC10009BBC2 /* LEOTwoButtonPrimaryOnlyCell+ConfigureForCell.h */,
				31FDDE581B28DFC10009BBC2 /* LEOTwoButtonPrimaryOnlyCell+ConfigureForCell.m */,
				31FDDE5D1B29D9120009BBC2 /* LEOOneButtonPrimaryOnlyCell.h */,
				31FDDE5E1B29D9120009BBC2 /* LEOOneButtonPrimaryOnlyCell.m */,
				31FDDE5F1B29D9120009BBC2 /* LEOOneButtonPrimaryOnlyCell.xib */,
				31FDDE621B29DA890009BBC2 /* LEOOneButtonPrimaryOnlyCell+ConfigureForCell.h */,
				31FDDE631B29DA890009BBC2 /* LEOOneButtonPrimaryOnlyCell+ConfigureForCell.m */,
				31FDDE651B29E3580009BBC2 /* LEOTwoButtonSecondaryOnlyCell.h */,
				31FDDE661B29E3580009BBC2 /* LEOTwoButtonSecondaryOnlyCell.m */,
				31FDDE671B29E3580009BBC2 /* LEOTwoButtonSecondaryOnlyCell.xib */,
				31FDDE6A1B29E38F0009BBC2 /* LEOTwoButtonSecondaryOnlyCell+ConfigureForCell.h */,
				31FDDE6B1B29E38F0009BBC2 /* LEOTwoButtonSecondaryOnlyCell+ConfigureForCell.m */,
				3128D4D81B42DF6500582710 /* LEOOneButtonSecondaryOnlyCell.h */,
				3128D4D91B42DF6500582710 /* LEOOneButtonSecondaryOnlyCell.m */,
				3128D4DA1B42DF6500582710 /* LEOOneButtonSecondaryOnlyCell.xib */,
				3128D4DD1B42E37000582710 /* LEOOneButtonSecondaryOnlyCell+ConfigureForCell.h */,
				3128D4DE1B42E37000582710 /* LEOOneButtonSecondaryOnlyCell+ConfigureForCell.m */,
				3128D4E31B430F0200582710 /* LEOTwoButtonPrimaryAndSecondaryCell.h */,
				3128D4E41B430F0200582710 /* LEOTwoButtonPrimaryAndSecondaryCell.m */,
				3128D4E51B430F0200582710 /* LEOTwoButtonPrimaryAndSecondaryCell.xib */,
				3128D4ED1B4313D000582710 /* LEOTwoButtonPrimaryAndSecondaryCell+ConfigureForCell.h */,
				3128D4EE1B4313D000582710 /* LEOTwoButtonPrimaryAndSecondaryCell+ConfigureForCell.m */,
				3128D4E81B43135F00582710 /* LEOOneButtonPrimaryAndSecondaryCell.h */,
				3128D4E91B43135F00582710 /* LEOOneButtonPrimaryAndSecondaryCell.m */,
				3128D4EA1B43135F00582710 /* LEOOneButtonPrimaryAndSecondaryCell.xib */,
				3128D4F01B4313EB00582710 /* LEOOneButtonPrimaryAndSecondaryCell+ConfigureForCell.h */,
				3128D4F11B4313EB00582710 /* LEOOneButtonPrimaryAndSecondaryCell+ConfigureForCell.m */,
				31FEF1551B0D09E700AD14D2 /* LEOSecondaryUserView.h */,
				31FEF1561B0D09E700AD14D2 /* LEOSecondaryUserView.m */,
			);
			name = MiniCards;
			sourceTree = "<group>";
		};
		3101D6DC1B0CE0A200640C10 /* FullCards */ = {
			isa = PBXGroup;
			children = (
				BC472D871B0543C30081DDC3 /* LEOCardSchedulingBookingVC.h */,
				BC472D881B0543C30081DDC3 /* LEOCardSchedulingBookingVC.m */,
				31FDDE441B278FBF0009BBC2 /* AppointmentSchedulingSubviews */,
			);
			name = FullCards;
			sourceTree = "<group>";
		};
		3130B4901B068CE7006ACC80 /* Helpers */ = {
			isa = PBXGroup;
			children = (
				3177B99B1B189F6C006AE360 /* Controller */,
				31920A461B0A8ACC006309C2 /* Model */,
				BC163B001B054CCF000FB1CE /* View */,
			);
			name = Helpers;
			sourceTree = "<group>";
		};
		3130B4911B0693D5006ACC80 /* Stoyboards & Xibs */ = {
			isa = PBXGroup;
			children = (
				BCE1EC711B00E353007C8D0B /* Main.storyboard */,
				31D62ECA1B1CEB1400B4150A /* Scheduling.storyboard */,
			);
			name = "Stoyboards & Xibs";
			sourceTree = "<group>";
		};
		3177B9991B189F2D006AE360 /* Cards */ = {
			isa = PBXGroup;
			children = (
				31FEF1521B0D073600AD14D2 /* LEOCard.h */,
				31FEF1531B0D073600AD14D2 /* LEOCard.m */,
				3177B9961B17A1B7006AE360 /* LEOCardScheduling.h */,
				3177B9971B17A1B7006AE360 /* LEOCardScheduling.m */,
				310740721B545EFD0098FD40 /* LEOCardConversation.h */,
				310740731B545EFD0098FD40 /* LEOCardConversation.m */,
				31FDDE511B28B9230009BBC2 /* CardActivityProtocol.h */,
			);
			name = Cards;
			sourceTree = "<group>";
		};
		3177B99A1B189F41006AE360 /* Navigation */ = {
			isa = PBXGroup;
			children = (
				31D20AC71B14C2F700F3351A /* LEOPageViewController.h */,
				31D20AC81B14C2F700F3351A /* LEOPageViewController.m */,
			);
			name = Navigation;
			sourceTree = "<group>";
		};
		3177B99B1B189F6C006AE360 /* Controller */ = {
			isa = PBXGroup;
			children = (
			);
			name = Controller;
			sourceTree = "<group>";
		};
		31920A461B0A8ACC006309C2 /* Model */ = {
			isa = PBXGroup;
			children = (
				3182E55C1B20C8F5004DECF8 /* NSDate+Extensions.h */,
				3182E55D1B20C8F5004DECF8 /* NSDate+Extensions.m */,
				31D20B071B151C5100F3351A /* LEOPageModelController.h */,
				31D20B081B151C5100F3351A /* LEOPageModelController.m */,
				31D7ADE91B21F9A100E8C5EE /* CollectionViewDataSource.h */,
				31D7ADEA1B21F9A100E8C5EE /* CollectionViewDataSource.m */,
				319F335B1B2201F900C1C526 /* CollectionViewLayout.h */,
				319F335C1B2201F900C1C526 /* CollectionViewLayout.m */,
				3182E5511B208CC6004DECF8 /* PageViewDataSource.h */,
				3182E5521B208CC6004DECF8 /* PageViewDataSource.m */,
				3130B48D1B068CE0006ACC80 /* ArrayDataSource.h */,
				3130B48E1B068CE0006ACC80 /* ArrayDataSource.m */,
			);
			name = Model;
			sourceTree = "<group>";
		};
		31BA405D1B30BEFE00A11AEE /* LEOChildDropDownTableView */ = {
			isa = PBXGroup;
			children = (
				31297FFE1B2CCA19000679DA /* LEOChildDropDownTableViewController.h */,
				31297FFF1B2CCA19000679DA /* LEOChildDropDownTableViewController.m */,
				31D418A81B37AB9C008D70F3 /* LEOChildDropDownTableView.h */,
				31D418A91B37AB9C008D70F3 /* LEOChildDropDownTableView.m */,
				312980011B2CCA3F000679DA /* LEOChildCell.h */,
				312980021B2CCA3F000679DA /* LEOChildCell.m */,
				312980031B2CCA3F000679DA /* LEOChildCell.xib */,
				312980061B2CCB22000679DA /* LEOChildCell+ConfigureForCell.h */,
				312980071B2CCB22000679DA /* LEOChildCell+ConfigureForCell.m */,
				3178BB981B2F14410017B72A /* ResizingContainerView.h */,
				3178BB991B2F14410017B72A /* ResizingContainerView.m */,
			);
			name = LEOChildDropDownTableView;
			sourceTree = "<group>";
		};
		31BA405E1B30BF6700A11AEE /* Feed */ = {
			isa = PBXGroup;
			children = (
				BCED007F1B0150F4007653D6 /* LEOFeedTVC.h */,
				BCED00801B0150F4007653D6 /* LEOFeedTVC.m */,
			);
			name = Feed;
			sourceTree = "<group>";
		};
		31BA405F1B30BF8800A11AEE /* SectionSeparator */ = {
			isa = PBXGroup;
			children = (
				31BA40541B30A5F900A11AEE /* LEOSectionSeparator.h */,
				31BA40551B30A5F900A11AEE /* LEOSectionSeparator.m */,
			);
			name = SectionSeparator;
			sourceTree = "<group>";
		};
		31F0EA1C1B261A8300E4D83A /* Reusable Subviews */ = {
			isa = PBXGroup;
			children = (
				31BA405F1B30BF8800A11AEE /* SectionSeparator */,
				31BA405D1B30BEFE00A11AEE /* LEOChildDropDownTableView */,
				31F0EA341B2630BF00E4D83A /* LEODropDownTableView */,
			);
			name = "Reusable Subviews";
			sourceTree = "<group>";
		};
		31F0EA341B2630BF00E4D83A /* LEODropDownTableView */ = {
			isa = PBXGroup;
			children = (
				31F0EA561B27430D00E4D83A /* LEODropDownController.h */,
				31F0EA571B27430D00E4D83A /* LEODropDownController.m */,
				31F0EA581B27430D00E4D83A /* LEODropDownTableView.h */,
				31F0EA591B27430D00E4D83A /* LEODropDownTableView.m */,
				31F0EA5E1B27430D00E4D83A /* LEODropDownSelectionCell+ConfigureCell.h */,
				31F0EA5F1B27430D00E4D83A /* LEODropDownSelectionCell+ConfigureCell.m */,
				31FDDE491B28887A0009BBC2 /* LEODropDownSelectedCell+ConfigureCell.h */,
				31FDDE4A1B28887A0009BBC2 /* LEODropDownSelectedCell+ConfigureCell.m */,
				31BA40461B30885200A11AEE /* LEODropDownSelectedCell.h */,
				31BA40471B30885200A11AEE /* LEODropDownSelectedCell.m */,
				31BA40481B30885200A11AEE /* LEODropDownSelectedCell.xib */,
				31F0EA621B27430D00E4D83A /* LEODropDownSelectionCell.h */,
				31F0EA631B27430D00E4D83A /* LEODropDownSelectionCell.m */,
				31F0EA641B27430D00E4D83A /* LEODropDownSelectionCell.xib */,
			);
			name = LEODropDownTableView;
			sourceTree = "<group>";
		};
		31FDDE441B278FBF0009BBC2 /* AppointmentSchedulingSubviews */ = {
			isa = PBXGroup;
			children = (
				3182E5561B208F85004DECF8 /* TimeCollectionViewController.h */,
				3182E5571B208F85004DECF8 /* TimeCollectionViewController.m */,
				31ECA3331B23C39000BC1D6B /* LEOTimeCell+ConfigureCell.h */,
				31ECA3341B23C39000BC1D6B /* LEOTimeCell+ConfigureCell.m */,
				31D62ECD1B1D3ED500B4150A /* LEODateCell.h */,
				31D62ECE1B1D3ED500B4150A /* LEODateCell.m */,
				31D62ECF1B1D3ED500B4150A /* LEODateCell.xib */,
				31D62EC21B1CBA7400B4150A /* LEOTimeCell.h */,
				31D62EC31B1CBA7400B4150A /* LEOTimeCell.m */,
				31D62EC41B1CBA7400B4150A /* LEOTimeCell.xib */,
				31ECA3361B23C53500BC1D6B /* LEODateCell+ConfigureCell.h */,
				31ECA3371B23C53500BC1D6B /* LEODateCell+ConfigureCell.m */,
				31D418AB1B3872C7008D70F3 /* DateTimeSelectionProtocol.h */,
			);
			name = AppointmentSchedulingSubviews;
			sourceTree = "<group>";
		};
		354D27DEC99358EDEA9677D6 /* Pods */ = {
			isa = PBXGroup;
			children = (
				3DBE2EB46C1BD8FF573DB996 /* Pods-Leo.debug.xcconfig */,
				68672CCCC55FDBB684C56186 /* Pods-Leo.release.xcconfig */,
				8E925C5780DCA1FB4A55B841 /* Pods-LeoTests.debug.xcconfig */,
				00C21EAFFFDC7EA3B95241D1 /* Pods-LeoTests.release.xcconfig */,
			);
			name = Pods;
			sourceTree = "<group>";
		};
		B8FA0B797E23BA25DF87DA78 /* Frameworks */ = {
			isa = PBXGroup;
			children = (
				BC163B011B054E03000FB1CE /* QuartzCore.framework */,
				35A5E688B99D6A1E2E30A645 /* libPods-Leo.a */,
				7E5BC0D4370F984698F4E074 /* libPods-LeoTests.a */,
			);
			name = Frameworks;
			sourceTree = "<group>";
		};
		BC163B001B054CCF000FB1CE /* View */ = {
			isa = PBXGroup;
			children = (
				31197A0A1B39A70C00C773BA /* UIImageEffects.h */,
				31197A0B1B39A70C00C773BA /* UIImageEffects.m */,
				31CF990F1B17754B00BFAABE /* LEOTransitioningDelegate.h */,
				31CF99101B17754B00BFAABE /* LEOTransitioningDelegate.m */,
				3192ACD71B0CC7C5007195F2 /* UIImage+Extensions.h */,
				3192ACD81B0CC7C5007195F2 /* UIImage+Extensions.m */,
				BC163AFC1B054CBF000FB1CE /* LEOCardTransitionAnimator.h */,
				BC163AFD1B054CBF000FB1CE /* LEOCardTransitionAnimator.m */,
			);
			name = View;
			sourceTree = "<group>";
		};
		BC472D7D1B05235E0081DDC3 /* Stubs */ = {
			isa = PBXGroup;
			children = (
				318CA7C31B4EB334004E44AD /* getCardsForUser.json */,
				318CA7C41B4EB334004E44AD /* getFamilyForUser.json */,
				318CA7C51B4EB334004E44AD /* getProviders.json */,
				318CA7C61B4EB334004E44AD /* getVisitTypes.json */,
				BC472D7B1B0523580081DDC3 /* createParentUserResponse.json */,
				BC472D7E1B0539240081DDC3 /* createChildUserResponse.json */,
				BC472D801B0539890081DDC3 /* createAppointmentResponse.json */,
				31920A441B0A855F006309C2 /* getMessagesForConversationResponse.json */,
			);
			name = Stubs;
			path = Leo;
			sourceTree = "<group>";
		};
		BC4D685B1B04DAF10018DAB5 /* Objects */ = {
			isa = PBXGroup;
			children = (
				31BA404E1B30A0AB00A11AEE /* Appointment.h */,
				31BA404F1B30A0AB00A11AEE /* Appointment.m */,
				3128D53D1B4C1C2C00582710 /* PrepAppointment.h */,
				3128D53E1B4C1C2C00582710 /* PrepAppointment.m */,
				31BA404B1B309E3000A11AEE /* AppointmentType.h */,
				31BA404C1B309E3000A11AEE /* AppointmentType.m */,
				314F6A051B2A0D0000799AB4 /* User.h */,
				314F6A061B2A0D0000799AB4 /* User.m */,
				3128D5311B45808F00582710 /* Guardian.h */,
				3128D5321B45808F00582710 /* Guardian.m */,
				3128D52B1B457DC300582710 /* Patient.h */,
				3128D52C1B457DC300582710 /* Patient.m */,
				3128D5341B4588A300582710 /* Provider.h */,
				3128D5351B4588A300582710 /* Provider.m */,
				318CA7CB1B4EEAA4004E44AD /* Support.h */,
				318CA7CC1B4EEAA4004E44AD /* Support.m */,
				3128D5371B4589BE00582710 /* Practice.h */,
				3128D5381B4589BE00582710 /* Practice.m */,
				3128D52E1B457E4700582710 /* Family.h */,
				3128D52F1B457E4700582710 /* Family.m */,
				3177B9D81B191929006AE360 /* Message.h */,
				3177B9D91B191929006AE360 /* Message.m */,
				3177B9D21B191929006AE360 /* Role.h */,
				3177B9D31B191929006AE360 /* Role.m */,
				3177B9CF1B191928006AE360 /* Conversation.h */,
				3177B9D01B191928006AE360 /* Conversation.m */,
			);
			name = Objects;
			sourceTree = "<group>";
		};
		BCA69A371B02AE5500C27B2B /* APIs */ = {
			isa = PBXGroup;
			children = (
				BCA69A341B02AE5100C27B2B /* LEOApiClient.h */,
				BCA69A351B02AE5100C27B2B /* LEOApiClient.m */,
				31A2867F1B0A2DB100CBAF1A /* LEOAPIHelper.h */,
				31A286801B0A2DB100CBAF1A /* LEOAPIHelper.m */,
			);
			name = APIs;
			sourceTree = "<group>";
		};
		BCA69A3D1B039ABC00C27B2B /* Views and Controllers */ = {
			isa = PBXGroup;
			children = (
				1E7306F71B3F80F600D029CC /* Extenstions */,
				31BA405E1B30BF6700A11AEE /* Feed */,
				31197A101B39D8FD00C773BA /* MenuView.h */,
				31197A111B39D8FD00C773BA /* MenuView.m */,
				31197A131B39DA3000C773BA /* MenuView.xib */,
				31197A0D1B39B08B00C773BA /* LEOMainContainerViewController.h */,
				31197A0E1B39B08B00C773BA /* LEOMainContainerViewController.m */,
				31F0EA1C1B261A8300E4D83A /* Reusable Subviews */,
				3177B99A1B189F41006AE360 /* Navigation */,
				31D20ACA1B14C61F00F3351A /* LEOEHRViewController.h */,
				31D20ACB1B14C61F00F3351A /* LEOEHRViewController.m */,
				3101D6DC1B0CE0A200640C10 /* FullCards */,
				3101D6DB1B0CE08F00640C10 /* MiniCards */,
			);
			name = "Views and Controllers";
			sourceTree = "<group>";
		};
		BCE1EC5B1B00E353007C8D0B = {
			isa = PBXGroup;
			children = (
				BCE1EC661B00E353007C8D0B /* Leo */,
				BCE1EC6B1B00E353007C8D0B /* AppDelegate.h */,
				BCE1EC6C1B00E353007C8D0B /* AppDelegate.m */,
				BCE1EC801B00E353007C8D0B /* LeoTests */,
				BC472D7D1B05235E0081DDC3 /* Stubs */,
				BCE1EC651B00E353007C8D0B /* Products */,
				354D27DEC99358EDEA9677D6 /* Pods */,
				B8FA0B797E23BA25DF87DA78 /* Frameworks */,
			);
			sourceTree = "<group>";
		};
		BCE1EC651B00E353007C8D0B /* Products */ = {
			isa = PBXGroup;
			children = (
				BCE1EC641B00E353007C8D0B /* Leo.app */,
				BCE1EC7D1B00E353007C8D0B /* LeoTests.xctest */,
			);
			name = Products;
			sourceTree = "<group>";
		};
		BCE1EC661B00E353007C8D0B /* Leo */ = {
			isa = PBXGroup;
			children = (
				3130B4911B0693D5006ACC80 /* Stoyboards & Xibs */,
				BCA69A3D1B039ABC00C27B2B /* Views and Controllers */,
				3130B4901B068CE7006ACC80 /* Helpers */,
				BCED00921B01542D007653D6 /* Constants */,
				BCA69A371B02AE5500C27B2B /* APIs */,
				BCED00971B0257EB007653D6 /* Data Model */,
				318EEE0E1B3B3FA3002D1653 /* Assets */,
				BCE1EC741B00E353007C8D0B /* Images.xcassets */,
				BCE1EC671B00E353007C8D0B /* Supporting Files */,
			);
			path = Leo;
			sourceTree = "<group>";
		};
		BCE1EC671B00E353007C8D0B /* Supporting Files */ = {
			isa = PBXGroup;
			children = (
				BCE1EC761B00E353007C8D0B /* LaunchScreen.xib */,
				BCA69A381B035CEF00C27B2B /* Leo-Prefix.pch */,
				BCE1EC681B00E353007C8D0B /* Info.plist */,
				BCE1EC691B00E353007C8D0B /* main.m */,
			);
			name = "Supporting Files";
			sourceTree = "<group>";
		};
		BCE1EC801B00E353007C8D0B /* LeoTests */ = {
			isa = PBXGroup;
			children = (
				BCE1EC831B00E353007C8D0B /* LeoTests.m */,
				BCE1EC811B00E353007C8D0B /* Supporting Files */,
			);
			path = LeoTests;
			sourceTree = "<group>";
		};
		BCE1EC811B00E353007C8D0B /* Supporting Files */ = {
			isa = PBXGroup;
			children = (
				BCE1EC9B1B01199E007C8D0B /* LEOPrefixHeader.pch */,
				BCE1EC821B00E353007C8D0B /* Info.plist */,
			);
			name = "Supporting Files";
			sourceTree = "<group>";
		};
		BCED00921B01542D007653D6 /* Constants */ = {
			isa = PBXGroup;
			children = (
				BCE1EC9F1B01443F007C8D0B /* UIFont+LeoFonts.h */,
				BCE1ECA01B01443F007C8D0B /* UIFont+LeoFonts.m */,
				BCE1EC9C1B012628007C8D0B /* UIColor+LeoColors.h */,
				BCE1EC9D1B012628007C8D0B /* UIColor+LeoColors.m */,
				BCE1ECA21B014613007C8D0B /* LEOConstants.h */,
				BCE1ECA31B014613007C8D0B /* LEOConstants.m */,
			);
			name = Constants;
			sourceTree = "<group>";
		};
		BCED00971B0257EB007653D6 /* Data Model */ = {
			isa = PBXGroup;
			children = (
				BCE1EC921B010336007C8D0B /* LEODataManager.h */,
				BCE1EC931B010336007C8D0B /* LEODataManager.m */,
				3177B9991B189F2D006AE360 /* Cards */,
				BC4D685B1B04DAF10018DAB5 /* Objects */,
			);
			name = "Data Model";
			sourceTree = "<group>";
		};
/* End PBXGroup section */

/* Begin PBXNativeTarget section */
		BCE1EC631B00E353007C8D0B /* Leo */ = {
			isa = PBXNativeTarget;
			buildConfigurationList = BCE1EC871B00E353007C8D0B /* Build configuration list for PBXNativeTarget "Leo" */;
			buildPhases = (
				AD74AFBB7A78B2A607F83883 /* Check Pods Manifest.lock */,
				BCE1EC601B00E353007C8D0B /* Sources */,
				BCE1EC611B00E353007C8D0B /* Frameworks */,
				BCE1EC621B00E353007C8D0B /* Resources */,
				CB7DB39BBE1DE6D4A4F9F218 /* Copy Pods Resources */,
			);
			buildRules = (
			);
			dependencies = (
			);
			name = Leo;
			productName = Leo;
			productReference = BCE1EC641B00E353007C8D0B /* Leo.app */;
			productType = "com.apple.product-type.application";
		};
		BCE1EC7C1B00E353007C8D0B /* LeoTests */ = {
			isa = PBXNativeTarget;
			buildConfigurationList = BCE1EC8A1B00E353007C8D0B /* Build configuration list for PBXNativeTarget "LeoTests" */;
			buildPhases = (
				4663F5B1269F7CEF0DB64DD0 /* Check Pods Manifest.lock */,
				BCE1EC791B00E353007C8D0B /* Sources */,
				BCE1EC7A1B00E353007C8D0B /* Frameworks */,
				BCE1EC7B1B00E353007C8D0B /* Resources */,
				3959D79A35182D036EEDEDDA /* Copy Pods Resources */,
			);
			buildRules = (
			);
			dependencies = (
				BCE1EC7F1B00E353007C8D0B /* PBXTargetDependency */,
			);
			name = LeoTests;
			productName = LeoTests;
			productReference = BCE1EC7D1B00E353007C8D0B /* LeoTests.xctest */;
			productType = "com.apple.product-type.bundle.unit-test";
		};
/* End PBXNativeTarget section */

/* Begin PBXProject section */
		BCE1EC5C1B00E353007C8D0B /* Project object */ = {
			isa = PBXProject;
			attributes = {
				LastUpgradeCheck = 0630;
				ORGANIZATIONNAME = "Leo Health";
				TargetAttributes = {
					BCE1EC631B00E353007C8D0B = {
						CreatedOnToolsVersion = 6.3.1;
						DevelopmentTeam = 95W78EL8E2;
					};
					BCE1EC7C1B00E353007C8D0B = {
						CreatedOnToolsVersion = 6.3.1;
						TestTargetID = BCE1EC631B00E353007C8D0B;
					};
				};
			};
			buildConfigurationList = BCE1EC5F1B00E353007C8D0B /* Build configuration list for PBXProject "Leo" */;
			compatibilityVersion = "Xcode 3.2";
			developmentRegion = English;
			hasScannedForEncodings = 0;
			knownRegions = (
				en,
				Base,
			);
			mainGroup = BCE1EC5B1B00E353007C8D0B;
			productRefGroup = BCE1EC651B00E353007C8D0B /* Products */;
			projectDirPath = "";
			projectRoot = "";
			targets = (
				BCE1EC631B00E353007C8D0B /* Leo */,
				BCE1EC7C1B00E353007C8D0B /* LeoTests */,
			);
		};
/* End PBXProject section */

/* Begin PBXResourcesBuildPhase section */
		BCE1EC621B00E353007C8D0B /* Resources */ = {
			isa = PBXResourcesBuildPhase;
			buildActionMask = 2147483647;
			files = (
				BC472D7F1B0539240081DDC3 /* createChildUserResponse.json in Resources */,
				3128D4E71B430F0200582710 /* LEOTwoButtonPrimaryAndSecondaryCell.xib in Resources */,
				BCE1EC731B00E353007C8D0B /* Main.storyboard in Resources */,
				312980051B2CCA3F000679DA /* LEOChildCell.xib in Resources */,
				31BA404A1B30885200A11AEE /* LEODropDownSelectedCell.xib in Resources */,
				BC472D811B0539890081DDC3 /* createAppointmentResponse.json in Resources */,
				BC472D7C1B0523580081DDC3 /* createParentUserResponse.json in Resources */,
				318CA7C81B4EB334004E44AD /* getFamilyForUser.json in Resources */,
				318CA7C71B4EB334004E44AD /* getCardsForUser.json in Resources */,
				3128D4EC1B43135F00582710 /* LEOOneButtonPrimaryAndSecondaryCell.xib in Resources */,
				318CA7CA1B4EB334004E44AD /* getVisitTypes.json in Resources */,
				31FDDE691B29E3580009BBC2 /* LEOTwoButtonSecondaryOnlyCell.xib in Resources */,
				31FDDE561B28DD2C0009BBC2 /* LEOTwoButtonPrimaryOnlyCell.xib in Resources */,
				BCE1EC781B00E353007C8D0B /* LaunchScreen.xib in Resources */,
				31FDDE611B29D9120009BBC2 /* LEOOneButtonPrimaryOnlyCell.xib in Resources */,
				BCE1EC751B00E353007C8D0B /* Images.xcassets in Resources */,
				318CA7C91B4EB334004E44AD /* getProviders.json in Resources */,
				31D62EC61B1CBA7400B4150A /* LEOTimeCell.xib in Resources */,
				31D62ED11B1D3ED500B4150A /* LEODateCell.xib in Resources */,
				31197A141B39DA3000C773BA /* MenuView.xib in Resources */,
				31920A451B0A855F006309C2 /* getMessagesForConversationResponse.json in Resources */,
				3128D4DC1B42DF6500582710 /* LEOOneButtonSecondaryOnlyCell.xib in Resources */,
				31F0EA6C1B27430D00E4D83A /* LEODropDownSelectionCell.xib in Resources */,
				31D62ECB1B1CEB1400B4150A /* Scheduling.storyboard in Resources */,
				318EEE0F1B3B3FA3002D1653 /* Assets in Resources */,
			);
			runOnlyForDeploymentPostprocessing = 0;
		};
		BCE1EC7B1B00E353007C8D0B /* Resources */ = {
			isa = PBXResourcesBuildPhase;
			buildActionMask = 2147483647;
			files = (
			);
			runOnlyForDeploymentPostprocessing = 0;
		};
/* End PBXResourcesBuildPhase section */

/* Begin PBXShellScriptBuildPhase section */
		3959D79A35182D036EEDEDDA /* Copy Pods Resources */ = {
			isa = PBXShellScriptBuildPhase;
			buildActionMask = 2147483647;
			files = (
			);
			inputPaths = (
			);
			name = "Copy Pods Resources";
			outputPaths = (
			);
			runOnlyForDeploymentPostprocessing = 0;
			shellPath = /bin/sh;
			shellScript = "\"${SRCROOT}/Pods/Target Support Files/Pods-LeoTests/Pods-LeoTests-resources.sh\"\n";
			showEnvVarsInLog = 0;
		};
		4663F5B1269F7CEF0DB64DD0 /* Check Pods Manifest.lock */ = {
			isa = PBXShellScriptBuildPhase;
			buildActionMask = 2147483647;
			files = (
			);
			inputPaths = (
			);
			name = "Check Pods Manifest.lock";
			outputPaths = (
			);
			runOnlyForDeploymentPostprocessing = 0;
			shellPath = /bin/sh;
			shellScript = "diff \"${PODS_ROOT}/../Podfile.lock\" \"${PODS_ROOT}/Manifest.lock\" > /dev/null\nif [[ $? != 0 ]] ; then\n    cat << EOM\nerror: The sandbox is not in sync with the Podfile.lock. Run 'pod install' or update your CocoaPods installation.\nEOM\n    exit 1\nfi\n";
			showEnvVarsInLog = 0;
		};
		AD74AFBB7A78B2A607F83883 /* Check Pods Manifest.lock */ = {
			isa = PBXShellScriptBuildPhase;
			buildActionMask = 2147483647;
			files = (
			);
			inputPaths = (
			);
			name = "Check Pods Manifest.lock";
			outputPaths = (
			);
			runOnlyForDeploymentPostprocessing = 0;
			shellPath = /bin/sh;
			shellScript = "diff \"${PODS_ROOT}/../Podfile.lock\" \"${PODS_ROOT}/Manifest.lock\" > /dev/null\nif [[ $? != 0 ]] ; then\n    cat << EOM\nerror: The sandbox is not in sync with the Podfile.lock. Run 'pod install' or update your CocoaPods installation.\nEOM\n    exit 1\nfi\n";
			showEnvVarsInLog = 0;
		};
		CB7DB39BBE1DE6D4A4F9F218 /* Copy Pods Resources */ = {
			isa = PBXShellScriptBuildPhase;
			buildActionMask = 2147483647;
			files = (
			);
			inputPaths = (
			);
			name = "Copy Pods Resources";
			outputPaths = (
			);
			runOnlyForDeploymentPostprocessing = 0;
			shellPath = /bin/sh;
			shellScript = "\"${SRCROOT}/Pods/Target Support Files/Pods-Leo/Pods-Leo-resources.sh\"\n";
			showEnvVarsInLog = 0;
		};
/* End PBXShellScriptBuildPhase section */

/* Begin PBXSourcesBuildPhase section */
		BCE1EC601B00E353007C8D0B /* Sources */ = {
			isa = PBXSourcesBuildPhase;
			buildActionMask = 2147483647;
			files = (
				31FDDE6F1B29EDF70009BBC2 /* ArrayDataSource.m in Sources */,
				31FDDE6E1B29EDE00009BBC2 /* LEOCardSchedulingBookingVC.m in Sources */,
				3177B9E11B1A8CF3006AE360 /* LEOCard.m in Sources */,
				3182E5551B208CC6004DECF8 /* PageViewDataSource.m in Sources */,
				31CF99111B17754B00BFAABE /* LEOTransitioningDelegate.m in Sources */,
				31D418AA1B37AB9C008D70F3 /* LEOChildDropDownTableView.m in Sources */,
				3128D5391B4589BE00582710 /* Practice.m in Sources */,
				31ECA3381B23C53500BC1D6B /* LEODateCell+ConfigureCell.m in Sources */,
				31F0EA651B27430D00E4D83A /* LEODropDownController.m in Sources */,
				31197A0F1B39B08B00C773BA /* LEOMainContainerViewController.m in Sources */,
				BCED00811B0150F4007653D6 /* LEOFeedTVC.m in Sources */,
				3128D4DB1B42DF6500582710 /* LEOOneButtonSecondaryOnlyCell.m in Sources */,
				3177B9D41B191929006AE360 /* Role.m in Sources */,
				BCA69A361B02AE5100C27B2B /* LEOApiClient.m in Sources */,
				31FDDE551B28DD2C0009BBC2 /* LEOTwoButtonPrimaryOnlyCell.m in Sources */,
				3177B9DA1B191929006AE360 /* Message.m in Sources */,
				31D20ACC1B14C61F00F3351A /* LEOEHRViewController.m in Sources */,
				BCE1ECA11B01443F007C8D0B /* UIFont+LeoFonts.m in Sources */,
				3182E5581B208F85004DECF8 /* TimeCollectionViewController.m in Sources */,
				31197A121B39D8FD00C773BA /* MenuView.m in Sources */,
				BC163AFE1B054CBF000FB1CE /* LEOCardTransitionAnimator.m in Sources */,
				310740741B545EFD0098FD40 /* LEOCardConversation.m in Sources */,
				314F6A071B2A0D0000799AB4 /* User.m in Sources */,
				3128D4EB1B43135F00582710 /* LEOOneButtonPrimaryAndSecondaryCell.m in Sources */,
				31FDDE5C1B29CF8C0009BBC2 /* LEOFeedCell.m in Sources */,
				3177B9D11B191928006AE360 /* Conversation.m in Sources */,
				31FDDE6C1B29E38F0009BBC2 /* LEOTwoButtonSecondaryOnlyCell+ConfigureForCell.m in Sources */,
				31BA404D1B309E3000A11AEE /* AppointmentType.m in Sources */,
				3128D4F21B4313EB00582710 /* LEOOneButtonPrimaryAndSecondaryCell+ConfigureForCell.m in Sources */,
				31D20AC91B14C2F700F3351A /* LEOPageViewController.m in Sources */,
				3128D53F1B4C1C2C00582710 /* PrepAppointment.m in Sources */,
				BCE1EC941B010336007C8D0B /* LEODataManager.m in Sources */,
				31ECA3351B23C39000BC1D6B /* LEOTimeCell+ConfigureCell.m in Sources */,
				1E7306FB1B3F823800D029CC /* UIScrollView+LEOScrollToVisible.m in Sources */,
				31BA40561B30A5F900A11AEE /* LEOSectionSeparator.m in Sources */,
				31FDDE601B29D9120009BBC2 /* LEOOneButtonPrimaryOnlyCell.m in Sources */,
				3128D4E61B430F0200582710 /* LEOTwoButtonPrimaryAndSecondaryCell.m in Sources */,
				31FEF1571B0D09E700AD14D2 /* LEOSecondaryUserView.m in Sources */,
				3177B9981B17A1B7006AE360 /* LEOCardScheduling.m in Sources */,
				31FDDE591B28DFC10009BBC2 /* LEOTwoButtonPrimaryOnlyCell+ConfigureForCell.m in Sources */,
				31197A0C1B39A70C00C773BA /* UIImageEffects.m in Sources */,
				31A286811B0A2DB100CBAF1A /* LEOAPIHelper.m in Sources */,
				BCE1EC6D1B00E353007C8D0B /* AppDelegate.m in Sources */,
				31D20B091B151C5100F3351A /* LEOPageModelController.m in Sources */,
				312980001B2CCA19000679DA /* LEOChildDropDownTableViewController.m in Sources */,
				BCE1EC6A1B00E353007C8D0B /* main.m in Sources */,
				3182E55E1B20C8F5004DECF8 /* NSDate+Extensions.m in Sources */,
				31FDDE4B1B28887A0009BBC2 /* LEODropDownSelectedCell+ConfigureCell.m in Sources */,
				3128D4EF1B4313D000582710 /* LEOTwoButtonPrimaryAndSecondaryCell+ConfigureForCell.m in Sources */,
				31FDDE681B29E3580009BBC2 /* LEOTwoButtonSecondaryOnlyCell.m in Sources */,
				3128D5301B457E4700582710 /* Family.m in Sources */,
				3192ACD91B0CC7C5007195F2 /* UIImage+Extensions.m in Sources */,
				31BA40491B30885200A11AEE /* LEODropDownSelectedCell.m in Sources */,
				318CA7CD1B4EEAA4004E44AD /* Support.m in Sources */,
				BCE1ECA41B014613007C8D0B /* LEOConstants.m in Sources */,
				31FDDE641B29DA890009BBC2 /* LEOOneButtonPrimaryOnlyCell+ConfigureForCell.m in Sources */,
				31D7ADEB1B21F9A100E8C5EE /* CollectionViewDataSource.m in Sources */,
				3128D52D1B457DC300582710 /* Patient.m in Sources */,
				31D62EC51B1CBA7400B4150A /* LEOTimeCell.m in Sources */,
				31F0EA661B27430D00E4D83A /* LEODropDownTableView.m in Sources */,
				31D62ED01B1D3ED500B4150A /* LEODateCell.m in Sources */,
				31F0EA691B27430D00E4D83A /* LEODropDownSelectionCell+ConfigureCell.m in Sources */,
				312980041B2CCA3F000679DA /* LEOChildCell.m in Sources */,
				3178BB9A1B2F14410017B72A /* ResizingContainerView.m in Sources */,
				BCE1EC9E1B012628007C8D0B /* UIColor+LeoColors.m in Sources */,
				31F0EA6B1B27430D00E4D83A /* LEODropDownSelectionCell.m in Sources */,
				312980081B2CCB22000679DA /* LEOChildCell+ConfigureForCell.m in Sources */,
				319F335D1B2201F900C1C526 /* CollectionViewLayout.m in Sources */,
				31BA40501B30A0AB00A11AEE /* Appointment.m in Sources */,
				3128D5361B4588A300582710 /* Provider.m in Sources */,
				3128D4DF1B42E37000582710 /* LEOOneButtonSecondaryOnlyCell+ConfigureForCell.m in Sources */,
				3128D5331B45808F00582710 /* Guardian.m in Sources */,
			);
			runOnlyForDeploymentPostprocessing = 0;
		};
		BCE1EC791B00E353007C8D0B /* Sources */ = {
			isa = PBXSourcesBuildPhase;
			buildActionMask = 2147483647;
			files = (
				BCE1EC841B00E353007C8D0B /* LeoTests.m in Sources */,
			);
			runOnlyForDeploymentPostprocessing = 0;
		};
/* End PBXSourcesBuildPhase section */

/* Begin PBXTargetDependency section */
		BCE1EC7F1B00E353007C8D0B /* PBXTargetDependency */ = {
			isa = PBXTargetDependency;
			target = BCE1EC631B00E353007C8D0B /* Leo */;
			targetProxy = BCE1EC7E1B00E353007C8D0B /* PBXContainerItemProxy */;
		};
/* End PBXTargetDependency section */

/* Begin PBXVariantGroup section */
		BCE1EC711B00E353007C8D0B /* Main.storyboard */ = {
			isa = PBXVariantGroup;
			children = (
				BCE1EC721B00E353007C8D0B /* Base */,
			);
			name = Main.storyboard;
			sourceTree = "<group>";
		};
		BCE1EC761B00E353007C8D0B /* LaunchScreen.xib */ = {
			isa = PBXVariantGroup;
			children = (
				BCE1EC771B00E353007C8D0B /* Base */,
			);
			name = LaunchScreen.xib;
			sourceTree = "<group>";
		};
/* End PBXVariantGroup section */

/* Begin XCBuildConfiguration section */
		BCE1EC851B00E353007C8D0B /* Debug */ = {
			isa = XCBuildConfiguration;
			buildSettings = {
				ALWAYS_SEARCH_USER_PATHS = YES;
				CLANG_CXX_LANGUAGE_STANDARD = "gnu++0x";
				CLANG_CXX_LIBRARY = "libc++";
				CLANG_ENABLE_MODULES = YES;
				CLANG_ENABLE_OBJC_ARC = YES;
				CLANG_WARN_BOOL_CONVERSION = YES;
				CLANG_WARN_CONSTANT_CONVERSION = YES;
				CLANG_WARN_DIRECT_OBJC_ISA_USAGE = YES_ERROR;
				CLANG_WARN_EMPTY_BODY = YES;
				CLANG_WARN_ENUM_CONVERSION = YES;
				CLANG_WARN_INT_CONVERSION = YES;
				CLANG_WARN_OBJC_ROOT_CLASS = YES_ERROR;
				CLANG_WARN_UNREACHABLE_CODE = YES;
				CLANG_WARN__DUPLICATE_METHOD_MATCH = YES;
				"CODE_SIGN_IDENTITY[sdk=iphoneos*]" = "iPhone Developer";
				COPY_PHASE_STRIP = NO;
				DEBUG_INFORMATION_FORMAT = "dwarf-with-dsym";
				ENABLE_STRICT_OBJC_MSGSEND = YES;
				FRAMEWORK_SEARCH_PATHS = "$(SRCROOT)/Pods/**";
				GCC_C_LANGUAGE_STANDARD = gnu99;
				GCC_DYNAMIC_NO_PIC = NO;
				GCC_NO_COMMON_BLOCKS = YES;
				GCC_OPTIMIZATION_LEVEL = 0;
				GCC_PRECOMPILE_PREFIX_HEADER = YES;
				GCC_PREFIX_HEADER = "$(SRCROOT)/Leo-Prefix.pch";
				GCC_PREPROCESSOR_DEFINITIONS = (
					DEBUG,
					"$(inherited)",
				);
				GCC_SYMBOLS_PRIVATE_EXTERN = NO;
				GCC_WARN_64_TO_32_BIT_CONVERSION = YES;
				GCC_WARN_ABOUT_RETURN_TYPE = YES_ERROR;
				GCC_WARN_UNDECLARED_SELECTOR = YES;
				GCC_WARN_UNINITIALIZED_AUTOS = YES_AGGRESSIVE;
				GCC_WARN_UNUSED_FUNCTION = YES;
				GCC_WARN_UNUSED_VARIABLE = YES;
				IPHONEOS_DEPLOYMENT_TARGET = 8.3;
				MTL_ENABLE_DEBUG_INFO = YES;
				ONLY_ACTIVE_ARCH = YES;
				SDKROOT = iphoneos;
				USER_HEADER_SEARCH_PATHS = "$(SRCROOT)/Leo/**";
			};
			name = Debug;
		};
		BCE1EC861B00E353007C8D0B /* Release */ = {
			isa = XCBuildConfiguration;
			buildSettings = {
				ALWAYS_SEARCH_USER_PATHS = YES;
				CLANG_CXX_LANGUAGE_STANDARD = "gnu++0x";
				CLANG_CXX_LIBRARY = "libc++";
				CLANG_ENABLE_MODULES = YES;
				CLANG_ENABLE_OBJC_ARC = YES;
				CLANG_WARN_BOOL_CONVERSION = YES;
				CLANG_WARN_CONSTANT_CONVERSION = YES;
				CLANG_WARN_DIRECT_OBJC_ISA_USAGE = YES_ERROR;
				CLANG_WARN_EMPTY_BODY = YES;
				CLANG_WARN_ENUM_CONVERSION = YES;
				CLANG_WARN_INT_CONVERSION = YES;
				CLANG_WARN_OBJC_ROOT_CLASS = YES_ERROR;
				CLANG_WARN_UNREACHABLE_CODE = YES;
				CLANG_WARN__DUPLICATE_METHOD_MATCH = YES;
				"CODE_SIGN_IDENTITY[sdk=iphoneos*]" = "iPhone Developer";
				COPY_PHASE_STRIP = NO;
				DEBUG_INFORMATION_FORMAT = "dwarf-with-dsym";
				ENABLE_NS_ASSERTIONS = NO;
				ENABLE_STRICT_OBJC_MSGSEND = YES;
				FRAMEWORK_SEARCH_PATHS = "$(SRCROOT)/Pods/**";
				GCC_C_LANGUAGE_STANDARD = gnu99;
				GCC_NO_COMMON_BLOCKS = YES;
				GCC_OPTIMIZATION_LEVEL = 0;
				GCC_PRECOMPILE_PREFIX_HEADER = YES;
				GCC_PREFIX_HEADER = "$(SRCROOT)/Leo-Prefix.pch";
				GCC_WARN_64_TO_32_BIT_CONVERSION = YES;
				GCC_WARN_ABOUT_RETURN_TYPE = YES_ERROR;
				GCC_WARN_UNDECLARED_SELECTOR = YES;
				GCC_WARN_UNINITIALIZED_AUTOS = YES_AGGRESSIVE;
				GCC_WARN_UNUSED_FUNCTION = YES;
				GCC_WARN_UNUSED_VARIABLE = YES;
				IPHONEOS_DEPLOYMENT_TARGET = 8.3;
				MTL_ENABLE_DEBUG_INFO = NO;
				SDKROOT = iphoneos;
				USER_HEADER_SEARCH_PATHS = "$(SRCROOT)/Leo/**";
				VALIDATE_PRODUCT = YES;
			};
			name = Release;
		};
		BCE1EC881B00E353007C8D0B /* Debug */ = {
			isa = XCBuildConfiguration;
			baseConfigurationReference = 3DBE2EB46C1BD8FF573DB996 /* Pods-Leo.debug.xcconfig */;
			buildSettings = {
				ASSETCATALOG_COMPILER_APPICON_NAME = AppIcon;
				CODE_SIGN_IDENTITY = "iPhone Developer";
				"CODE_SIGN_IDENTITY[sdk=iphoneos*]" = "iPhone Developer";
				GCC_PRECOMPILE_PREFIX_HEADER = YES;
				GCC_PREFIX_HEADER = "$(SRCROOT)/Leo-Prefix.pch";
				GCC_PREPROCESSOR_DEFINITIONS = (
					"$(inherited)",
					"COCOAPODS=1",
				);
				INFOPLIST_FILE = Leo/Info.plist;
				LD_RUNPATH_SEARCH_PATHS = "$(inherited) @executable_path/Frameworks";
				PRODUCT_NAME = "$(TARGET_NAME)";
				PROVISIONING_PROFILE = "";
			};
			name = Debug;
		};
		BCE1EC891B00E353007C8D0B /* Release */ = {
			isa = XCBuildConfiguration;
			baseConfigurationReference = 68672CCCC55FDBB684C56186 /* Pods-Leo.release.xcconfig */;
			buildSettings = {
				ASSETCATALOG_COMPILER_APPICON_NAME = AppIcon;
				CODE_SIGN_IDENTITY = "iPhone Developer";
				"CODE_SIGN_IDENTITY[sdk=iphoneos*]" = "iPhone Developer";
				GCC_PRECOMPILE_PREFIX_HEADER = YES;
				GCC_PREFIX_HEADER = "$(SRCROOT)/Leo-Prefix.pch";
				GCC_PREPROCESSOR_DEFINITIONS = (
					"$(inherited)",
					"COCOAPODS=1",
				);
				INFOPLIST_FILE = Leo/Info.plist;
				LD_RUNPATH_SEARCH_PATHS = "$(inherited) @executable_path/Frameworks";
				PRODUCT_NAME = "$(TARGET_NAME)";
				PROVISIONING_PROFILE = "";
			};
			name = Release;
		};
		BCE1EC8B1B00E353007C8D0B /* Debug */ = {
			isa = XCBuildConfiguration;
			baseConfigurationReference = 8E925C5780DCA1FB4A55B841 /* Pods-LeoTests.debug.xcconfig */;
			buildSettings = {
				BUNDLE_LOADER = "$(TEST_HOST)";
				FRAMEWORK_SEARCH_PATHS = (
					"$(SDKROOT)/Developer/Library/Frameworks",
					"$(inherited)",
				);
				GCC_PREPROCESSOR_DEFINITIONS = (
					"DEBUG=1",
					"$(inherited)",
				);
				INFOPLIST_FILE = LeoTests/Info.plist;
				LD_RUNPATH_SEARCH_PATHS = "$(inherited) @executable_path/Frameworks @loader_path/Frameworks";
				PRODUCT_NAME = "$(TARGET_NAME)";
				TEST_HOST = "$(BUILT_PRODUCTS_DIR)/Leo.app/Leo";
			};
			name = Debug;
		};
		BCE1EC8C1B00E353007C8D0B /* Release */ = {
			isa = XCBuildConfiguration;
			baseConfigurationReference = 00C21EAFFFDC7EA3B95241D1 /* Pods-LeoTests.release.xcconfig */;
			buildSettings = {
				BUNDLE_LOADER = "$(TEST_HOST)";
				FRAMEWORK_SEARCH_PATHS = (
					"$(SDKROOT)/Developer/Library/Frameworks",
					"$(inherited)",
				);
				INFOPLIST_FILE = LeoTests/Info.plist;
				LD_RUNPATH_SEARCH_PATHS = "$(inherited) @executable_path/Frameworks @loader_path/Frameworks";
				PRODUCT_NAME = "$(TARGET_NAME)";
				TEST_HOST = "$(BUILT_PRODUCTS_DIR)/Leo.app/Leo";
			};
			name = Release;
		};
/* End XCBuildConfiguration section */

/* Begin XCConfigurationList section */
		BCE1EC5F1B00E353007C8D0B /* Build configuration list for PBXProject "Leo" */ = {
			isa = XCConfigurationList;
			buildConfigurations = (
				BCE1EC851B00E353007C8D0B /* Debug */,
				BCE1EC861B00E353007C8D0B /* Release */,
			);
			defaultConfigurationIsVisible = 0;
			defaultConfigurationName = Release;
		};
		BCE1EC871B00E353007C8D0B /* Build configuration list for PBXNativeTarget "Leo" */ = {
			isa = XCConfigurationList;
			buildConfigurations = (
				BCE1EC881B00E353007C8D0B /* Debug */,
				BCE1EC891B00E353007C8D0B /* Release */,
			);
			defaultConfigurationIsVisible = 0;
			defaultConfigurationName = Release;
		};
		BCE1EC8A1B00E353007C8D0B /* Build configuration list for PBXNativeTarget "LeoTests" */ = {
			isa = XCConfigurationList;
			buildConfigurations = (
				BCE1EC8B1B00E353007C8D0B /* Debug */,
				BCE1EC8C1B00E353007C8D0B /* Release */,
			);
			defaultConfigurationIsVisible = 0;
			defaultConfigurationName = Release;
		};
/* End XCConfigurationList section */
	};
	rootObject = BCE1EC5C1B00E353007C8D0B /* Project object */;
}
